// !$*UTF8*$!
{
	archiveVersion = 1;
	classes = {
	};
	objectVersion = 48;
	objects = {

/* Begin PBXBuildFile section */
		3C7EF6201F5E4D1100B369F0 /* AppDelegate.m in Sources */ = {isa = PBXBuildFile; fileRef = 3C7EF61F1F5E4D1100B369F0 /* AppDelegate.m */; };
		3C7EF6231F5E4D1100B369F0 /* ViewController.m in Sources */ = {isa = PBXBuildFile; fileRef = 3C7EF6221F5E4D1100B369F0 /* ViewController.m */; };
		3C7EF6261F5E4D1100B369F0 /* Main.storyboard in Resources */ = {isa = PBXBuildFile; fileRef = 3C7EF6241F5E4D1100B369F0 /* Main.storyboard */; };
		3C7EF6281F5E4D1100B369F0 /* Assets.xcassets in Resources */ = {isa = PBXBuildFile; fileRef = 3C7EF6271F5E4D1100B369F0 /* Assets.xcassets */; };
		3C7EF62B1F5E4D1100B369F0 /* LaunchScreen.storyboard in Resources */ = {isa = PBXBuildFile; fileRef = 3C7EF6291F5E4D1100B369F0 /* LaunchScreen.storyboard */; };
		3C7EF62E1F5E4D1100B369F0 /* main.m in Sources */ = {isa = PBXBuildFile; fileRef = 3C7EF62D1F5E4D1100B369F0 /* main.m */; };
		3C7EF6381F5E4D1100B369F0 /* __demoTests.m in Sources */ = {isa = PBXBuildFile; fileRef = 3C7EF6371F5E4D1100B369F0 /* __demoTests.m */; };
		3C7EF6431F5E4D1100B369F0 /* __demoUITests.m in Sources */ = {isa = PBXBuildFile; fileRef = 3C7EF6421F5E4D1100B369F0 /* __demoUITests.m */; };
/* End PBXBuildFile section */

/* Begin PBXContainerItemProxy section */
		3C7EF6341F5E4D1100B369F0 /* PBXContainerItemProxy */ = {
			isa = PBXContainerItemProxy;
			containerPortal = 3C7EF6131F5E4D1100B369F0 /* Project object */;
			proxyType = 1;
			remoteGlobalIDString = 3C7EF61A1F5E4D1100B369F0;
			remoteInfo = "滤镜demo";
		};
		3C7EF63F1F5E4D1100B369F0 /* PBXContainerItemProxy */ = {
			isa = PBXContainerItemProxy;
			containerPortal = 3C7EF6131F5E4D1100B369F0 /* Project object */;
			proxyType = 1;
			remoteGlobalIDString = 3C7EF61A1F5E4D1100B369F0;
			remoteInfo = "滤镜demo";
		};
/* End PBXContainerItemProxy section */

/* Begin PBXFileReference section */
		3C7EF61B1F5E4D1100B369F0 /* 滤镜demo.app */ = {isa = PBXFileReference; explicitFileType = wrapper.application; includeInIndex = 0; path = "滤镜demo.app"; sourceTree = BUILT_PRODUCTS_DIR; };
		3C7EF61E1F5E4D1100B369F0 /* AppDelegate.h */ = {isa = PBXFileReference; lastKnownFileType = sourcecode.c.h; path = AppDelegate.h; sourceTree = "<group>"; };
		3C7EF61F1F5E4D1100B369F0 /* AppDelegate.m */ = {isa = PBXFileReference; lastKnownFileType = sourcecode.c.objc; path = AppDelegate.m; sourceTree = "<group>"; };
		3C7EF6211F5E4D1100B369F0 /* ViewController.h */ = {isa = PBXFileReference; lastKnownFileType = sourcecode.c.h; path = ViewController.h; sourceTree = "<group>"; };
		3C7EF6221F5E4D1100B369F0 /* ViewController.m */ = {isa = PBXFileReference; lastKnownFileType = sourcecode.c.objc; path = ViewController.m; sourceTree = "<group>"; };
		3C7EF6251F5E4D1100B369F0 /* Base */ = {isa = PBXFileReference; lastKnownFileType = file.storyboard; name = Base; path = Base.lproj/Main.storyboard; sourceTree = "<group>"; };
		3C7EF6271F5E4D1100B369F0 /* Assets.xcassets */ = {isa = PBXFileReference; lastKnownFileType = folder.assetcatalog; path = Assets.xcassets; sourceTree = "<group>"; };
		3C7EF62A1F5E4D1100B369F0 /* Base */ = {isa = PBXFileReference; lastKnownFileType = file.storyboard; name = Base; path = Base.lproj/LaunchScreen.storyboard; sourceTree = "<group>"; };
		3C7EF62C1F5E4D1100B369F0 /* Info.plist */ = {isa = PBXFileReference; lastKnownFileType = text.plist.xml; path = Info.plist; sourceTree = "<group>"; };
		3C7EF62D1F5E4D1100B369F0 /* main.m */ = {isa = PBXFileReference; lastKnownFileType = sourcecode.c.objc; path = main.m; sourceTree = "<group>"; };
		3C7EF6331F5E4D1100B369F0 /* 滤镜demoTests.xctest */ = {isa = PBXFileReference; explicitFileType = wrapper.cfbundle; includeInIndex = 0; path = "滤镜demoTests.xctest"; sourceTree = BUILT_PRODUCTS_DIR; };
		3C7EF6371F5E4D1100B369F0 /* __demoTests.m */ = {isa = PBXFileReference; lastKnownFileType = sourcecode.c.objc; path = __demoTests.m; sourceTree = "<group>"; };
		3C7EF6391F5E4D1100B369F0 /* Info.plist */ = {isa = PBXFileReference; lastKnownFileType = text.plist.xml; path = Info.plist; sourceTree = "<group>"; };
		3C7EF63E1F5E4D1100B369F0 /* 滤镜demoUITests.xctest */ = {isa = PBXFileReference; explicitFileType = wrapper.cfbundle; includeInIndex = 0; path = "滤镜demoUITests.xctest"; sourceTree = BUILT_PRODUCTS_DIR; };
		3C7EF6421F5E4D1100B369F0 /* __demoUITests.m */ = {isa = PBXFileReference; lastKnownFileType = sourcecode.c.objc; path = __demoUITests.m; sourceTree = "<group>"; };
		3C7EF6441F5E4D1100B369F0 /* Info.plist */ = {isa = PBXFileReference; lastKnownFileType = text.plist.xml; path = Info.plist; sourceTree = "<group>"; };
/* End PBXFileReference section */

/* Begin PBXFrameworksBuildPhase section */
		3C7EF6181F5E4D1100B369F0 /* Frameworks */ = {
			isa = PBXFrameworksBuildPhase;
			buildActionMask = 2147483647;
			files = (
			);
			runOnlyForDeploymentPostprocessing = 0;
		};
		3C7EF6301F5E4D1100B369F0 /* Frameworks */ = {
			isa = PBXFrameworksBuildPhase;
			buildActionMask = 2147483647;
			files = (
			);
			runOnlyForDeploymentPostprocessing = 0;
		};
		3C7EF63B1F5E4D1100B369F0 /* Frameworks */ = {
			isa = PBXFrameworksBuildPhase;
			buildActionMask = 2147483647;
			files = (
			);
			runOnlyForDeploymentPostprocessing = 0;
		};
/* End PBXFrameworksBuildPhase section */

/* Begin PBXGroup section */
		3C7EF6121F5E4D1100B369F0 = {
			isa = PBXGroup;
			children = (
				3C7EF61D1F5E4D1100B369F0 /* 滤镜demo */,
				3C7EF6361F5E4D1100B369F0 /* 滤镜demoTests */,
				3C7EF6411F5E4D1100B369F0 /* 滤镜demoUITests */,
				3C7EF61C1F5E4D1100B369F0 /* Products */,
			);
			sourceTree = "<group>";
		};
		3C7EF61C1F5E4D1100B369F0 /* Products */ = {
			isa = PBXGroup;
			children = (
				3C7EF61B1F5E4D1100B369F0 /* 滤镜demo.app */,
				3C7EF6331F5E4D1100B369F0 /* 滤镜demoTests.xctest */,
				3C7EF63E1F5E4D1100B369F0 /* 滤镜demoUITests.xctest */,
			);
			name = Products;
			sourceTree = "<group>";
		};
		3C7EF61D1F5E4D1100B369F0 /* 滤镜demo */ = {
			isa = PBXGroup;
			children = (
				3C7EF61E1F5E4D1100B369F0 /* AppDelegate.h */,
				3C7EF61F1F5E4D1100B369F0 /* AppDelegate.m */,
				3C7EF6211F5E4D1100B369F0 /* ViewController.h */,
				3C7EF6221F5E4D1100B369F0 /* ViewController.m */,
				3C7EF6241F5E4D1100B369F0 /* Main.storyboard */,
				3C7EF6271F5E4D1100B369F0 /* Assets.xcassets */,
				3C7EF6291F5E4D1100B369F0 /* LaunchScreen.storyboard */,
				3C7EF62C1F5E4D1100B369F0 /* Info.plist */,
				3C7EF62D1F5E4D1100B369F0 /* main.m */,
			);
			path = "滤镜demo";
			sourceTree = "<group>";
		};
		3C7EF6361F5E4D1100B369F0 /* 滤镜demoTests */ = {
			isa = PBXGroup;
			children = (
				3C7EF6371F5E4D1100B369F0 /* __demoTests.m */,
				3C7EF6391F5E4D1100B369F0 /* Info.plist */,
			);
			path = "滤镜demoTests";
			sourceTree = "<group>";
		};
		3C7EF6411F5E4D1100B369F0 /* 滤镜demoUITests */ = {
			isa = PBXGroup;
			children = (
				3C7EF6421F5E4D1100B369F0 /* __demoUITests.m */,
				3C7EF6441F5E4D1100B369F0 /* Info.plist */,
			);
			path = "滤镜demoUITests";
			sourceTree = "<group>";
		};
/* End PBXGroup section */

/* Begin PBXNativeTarget section */
		3C7EF61A1F5E4D1100B369F0 /* 滤镜demo */ = {
			isa = PBXNativeTarget;
			buildConfigurationList = 3C7EF6471F5E4D1100B369F0 /* Build configuration list for PBXNativeTarget "滤镜demo" */;
			buildPhases = (
				3C7EF6171F5E4D1100B369F0 /* Sources */,
				3C7EF6181F5E4D1100B369F0 /* Frameworks */,
				3C7EF6191F5E4D1100B369F0 /* Resources */,
			);
			buildRules = (
			);
			dependencies = (
			);
			name = "滤镜demo";
			productName = "滤镜demo";
			productReference = 3C7EF61B1F5E4D1100B369F0 /* 滤镜demo.app */;
			productType = "com.apple.product-type.application";
		};
		3C7EF6321F5E4D1100B369F0 /* 滤镜demoTests */ = {
			isa = PBXNativeTarget;
			buildConfigurationList = 3C7EF64A1F5E4D1100B369F0 /* Build configuration list for PBXNativeTarget "滤镜demoTests" */;
			buildPhases = (
				3C7EF62F1F5E4D1100B369F0 /* Sources */,
				3C7EF6301F5E4D1100B369F0 /* Frameworks */,
				3C7EF6311F5E4D1100B369F0 /* Resources */,
			);
			buildRules = (
			);
			dependencies = (
				3C7EF6351F5E4D1100B369F0 /* PBXTargetDependency */,
			);
			name = "滤镜demoTests";
			productName = "滤镜demoTests";
			productReference = 3C7EF6331F5E4D1100B369F0 /* 滤镜demoTests.xctest */;
			productType = "com.apple.product-type.bundle.unit-test";
		};
		3C7EF63D1F5E4D1100B369F0 /* 滤镜demoUITests */ = {
			isa = PBXNativeTarget;
			buildConfigurationList = 3C7EF64D1F5E4D1100B369F0 /* Build configuration list for PBXNativeTarget "滤镜demoUITests" */;
			buildPhases = (
				3C7EF63A1F5E4D1100B369F0 /* Sources */,
				3C7EF63B1F5E4D1100B369F0 /* Frameworks */,
				3C7EF63C1F5E4D1100B369F0 /* Resources */,
			);
			buildRules = (
			);
			dependencies = (
				3C7EF6401F5E4D1100B369F0 /* PBXTargetDependency */,
			);
			name = "滤镜demoUITests";
			productName = "滤镜demoUITests";
			productReference = 3C7EF63E1F5E4D1100B369F0 /* 滤镜demoUITests.xctest */;
			productType = "com.apple.product-type.bundle.ui-testing";
		};
/* End PBXNativeTarget section */

/* Begin PBXProject section */
		3C7EF6131F5E4D1100B369F0 /* Project object */ = {
			isa = PBXProject;
			attributes = {
				LastUpgradeCheck = 0900;
				ORGANIZATIONNAME = "董知樾";
				TargetAttributes = {
					3C7EF61A1F5E4D1100B369F0 = {
						CreatedOnToolsVersion = 9.0;
					};
					3C7EF6321F5E4D1100B369F0 = {
						CreatedOnToolsVersion = 9.0;
						TestTargetID = 3C7EF61A1F5E4D1100B369F0;
					};
					3C7EF63D1F5E4D1100B369F0 = {
						CreatedOnToolsVersion = 9.0;
						TestTargetID = 3C7EF61A1F5E4D1100B369F0;
					};
				};
			};
			buildConfigurationList = 3C7EF6161F5E4D1100B369F0 /* Build configuration list for PBXProject "滤镜demo" */;
			compatibilityVersion = "Xcode 8.0";
			developmentRegion = en;
			hasScannedForEncodings = 0;
			knownRegions = (
				en,
				Base,
			);
			mainGroup = 3C7EF6121F5E4D1100B369F0;
			productRefGroup = 3C7EF61C1F5E4D1100B369F0 /* Products */;
			projectDirPath = "";
			projectRoot = "";
			targets = (
				3C7EF61A1F5E4D1100B369F0 /* 滤镜demo */,
				3C7EF6321F5E4D1100B369F0 /* 滤镜demoTests */,
				3C7EF63D1F5E4D1100B369F0 /* 滤镜demoUITests */,
			);
		};
/* End PBXProject section */

/* Begin PBXResourcesBuildPhase section */
		3C7EF6191F5E4D1100B369F0 /* Resources */ = {
			isa = PBXResourcesBuildPhase;
			buildActionMask = 2147483647;
			files = (
				3C7EF62B1F5E4D1100B369F0 /* LaunchScreen.storyboard in Resources */,
				3C7EF6281F5E4D1100B369F0 /* Assets.xcassets in Resources */,
				3C7EF6261F5E4D1100B369F0 /* Main.storyboard in Resources */,
			);
			runOnlyForDeploymentPostprocessing = 0;
		};
		3C7EF6311F5E4D1100B369F0 /* Resources */ = {
			isa = PBXResourcesBuildPhase;
			buildActionMask = 2147483647;
			files = (
			);
			runOnlyForDeploymentPostprocessing = 0;
		};
		3C7EF63C1F5E4D1100B369F0 /* Resources */ = {
			isa = PBXResourcesBuildPhase;
			buildActionMask = 2147483647;
			files = (
			);
			runOnlyForDeploymentPostprocessing = 0;
		};
/* End PBXResourcesBuildPhase section */

/* Begin PBXSourcesBuildPhase section */
		3C7EF6171F5E4D1100B369F0 /* Sources */ = {
			isa = PBXSourcesBuildPhase;
			buildActionMask = 2147483647;
			files = (
				3C7EF6231F5E4D1100B369F0 /* ViewController.m in Sources */,
				3C7EF62E1F5E4D1100B369F0 /* main.m in Sources */,
				3C7EF6201F5E4D1100B369F0 /* AppDelegate.m in Sources */,
			);
			runOnlyForDeploymentPostprocessing = 0;
		};
		3C7EF62F1F5E4D1100B369F0 /* Sources */ = {
			isa = PBXSourcesBuildPhase;
			buildActionMask = 2147483647;
			files = (
				3C7EF6381F5E4D1100B369F0 /* __demoTests.m in Sources */,
			);
			runOnlyForDeploymentPostprocessing = 0;
		};
		3C7EF63A1F5E4D1100B369F0 /* Sources */ = {
			isa = PBXSourcesBuildPhase;
			buildActionMask = 2147483647;
			files = (
				3C7EF6431F5E4D1100B369F0 /* __demoUITests.m in Sources */,
			);
			runOnlyForDeploymentPostprocessing = 0;
		};
/* End PBXSourcesBuildPhase section */

/* Begin PBXTargetDependency section */
		3C7EF6351F5E4D1100B369F0 /* PBXTargetDependency */ = {
			isa = PBXTargetDependency;
			target = 3C7EF61A1F5E4D1100B369F0 /* 滤镜demo */;
			targetProxy = 3C7EF6341F5E4D1100B369F0 /* PBXContainerItemProxy */;
		};
		3C7EF6401F5E4D1100B369F0 /* PBXTargetDependency */ = {
			isa = PBXTargetDependency;
			target = 3C7EF61A1F5E4D1100B369F0 /* 滤镜demo */;
			targetProxy = 3C7EF63F1F5E4D1100B369F0 /* PBXContainerItemProxy */;
		};
/* End PBXTargetDependency section */

/* Begin PBXVariantGroup section */
		3C7EF6241F5E4D1100B369F0 /* Main.storyboard */ = {
			isa = PBXVariantGroup;
			children = (
				3C7EF6251F5E4D1100B369F0 /* Base */,
			);
			name = Main.storyboard;
			sourceTree = "<group>";
		};
		3C7EF6291F5E4D1100B369F0 /* LaunchScreen.storyboard */ = {
			isa = PBXVariantGroup;
			children = (
				3C7EF62A1F5E4D1100B369F0 /* Base */,
			);
			name = LaunchScreen.storyboard;
			sourceTree = "<group>";
		};
/* End PBXVariantGroup section */

/* Begin XCBuildConfiguration section */
		3C7EF6451F5E4D1100B369F0 /* Debug */ = {
			isa = XCBuildConfiguration;
			buildSettings = {
				ALWAYS_SEARCH_USER_PATHS = NO;
				CLANG_ANALYZER_NONNULL = YES;
				CLANG_ANALYZER_NUMBER_OBJECT_CONVERSION = YES_AGGRESSIVE;
				CLANG_CXX_LANGUAGE_STANDARD = "gnu++14";
				CLANG_CXX_LIBRARY = "libc++";
				CLANG_ENABLE_MODULES = YES;
				CLANG_ENABLE_OBJC_ARC = YES;
				CLANG_WARN_BLOCK_CAPTURE_AUTORELEASING = YES;
				CLANG_WARN_BOOL_CONVERSION = YES;
				CLANG_WARN_COMMA = YES;
				CLANG_WARN_CONSTANT_CONVERSION = YES;
				CLANG_WARN_DIRECT_OBJC_ISA_USAGE = YES_ERROR;
				CLANG_WARN_DOCUMENTATION_COMMENTS = YES;
				CLANG_WARN_EMPTY_BODY = YES;
				CLANG_WARN_ENUM_CONVERSION = YES;
				CLANG_WARN_INFINITE_RECURSION = YES;
				CLANG_WARN_INT_CONVERSION = YES;
				CLANG_WARN_NON_LITERAL_NULL_CONVERSION = YES;
				CLANG_WARN_OBJC_LITERAL_CONVERSION = YES;
				CLANG_WARN_OBJC_ROOT_CLASS = YES_ERROR;
				CLANG_WARN_RANGE_LOOP_ANALYSIS = YES;
				CLANG_WARN_STRICT_PROTOTYPES = YES;
				CLANG_WARN_SUSPICIOUS_MOVE = YES;
				CLANG_WARN_UNGUARDED_AVAILABILITY = YES_AGGRESSIVE;
				CLANG_WARN_UNREACHABLE_CODE = YES;
				CLANG_WARN__DUPLICATE_METHOD_MATCH = YES;
				CODE_SIGN_IDENTITY = "iPhone Developer";
				COPY_PHASE_STRIP = NO;
				DEBUG_INFORMATION_FORMAT = dwarf;
				ENABLE_STRICT_OBJC_MSGSEND = YES;
				ENABLE_TESTABILITY = YES;
				GCC_C_LANGUAGE_STANDARD = gnu11;
				GCC_DYNAMIC_NO_PIC = NO;
				GCC_NO_COMMON_BLOCKS = YES;
				GCC_OPTIMIZATION_LEVEL = 0;
				GCC_PREPROCESSOR_DEFINITIONS = (
					"DEBUG=1",
					"$(inherited)",
				);
				GCC_WARN_64_TO_32_BIT_CONVERSION = YES;
				GCC_WARN_ABOUT_RETURN_TYPE = YES_ERROR;
				GCC_WARN_UNDECLARED_SELECTOR = YES;
				GCC_WARN_UNINITIALIZED_AUTOS = YES_AGGRESSIVE;
				GCC_WARN_UNUSED_FUNCTION = YES;
				GCC_WARN_UNUSED_VARIABLE = YES;
				IPHONEOS_DEPLOYMENT_TARGET = 11.0;
				MTL_ENABLE_DEBUG_INFO = YES;
				ONLY_ACTIVE_ARCH = YES;
				SDKROOT = iphoneos;
			};
			name = Debug;
		};
		3C7EF6461F5E4D1100B369F0 /* Release */ = {
			isa = XCBuildConfiguration;
			buildSettings = {
				ALWAYS_SEARCH_USER_PATHS = NO;
				CLANG_ANALYZER_NONNULL = YES;
				CLANG_ANALYZER_NUMBER_OBJECT_CONVERSION = YES_AGGRESSIVE;
				CLANG_CXX_LANGUAGE_STANDARD = "gnu++14";
				CLANG_CXX_LIBRARY = "libc++";
				CLANG_ENABLE_MODULES = YES;
				CLANG_ENABLE_OBJC_ARC = YES;
				CLANG_WARN_BLOCK_CAPTURE_AUTORELEASING = YES;
				CLANG_WARN_BOOL_CONVERSION = YES;
				CLANG_WARN_COMMA = YES;
				CLANG_WARN_CONSTANT_CONVERSION = YES;
				CLANG_WARN_DIRECT_OBJC_ISA_USAGE = YES_ERROR;
				CLANG_WARN_DOCUMENTATION_COMMENTS = YES;
				CLANG_WARN_EMPTY_BODY = YES;
				CLANG_WARN_ENUM_CONVERSION = YES;
				CLANG_WARN_INFINITE_RECURSION = YES;
				CLANG_WARN_INT_CONVERSION = YES;
				CLANG_WARN_NON_LITERAL_NULL_CONVERSION = YES;
				CLANG_WARN_OBJC_LITERAL_CONVERSION = YES;
				CLANG_WARN_OBJC_ROOT_CLASS = YES_ERROR;
				CLANG_WARN_RANGE_LOOP_ANALYSIS = YES;
				CLANG_WARN_STRICT_PROTOTYPES = YES;
				CLANG_WARN_SUSPICIOUS_MOVE = YES;
				CLANG_WARN_UNGUARDED_AVAILABILITY = YES_AGGRESSIVE;
				CLANG_WARN_UNREACHABLE_CODE = YES;
				CLANG_WARN__DUPLICATE_METHOD_MATCH = YES;
				CODE_SIGN_IDENTITY = "iPhone Developer";
				COPY_PHASE_STRIP = NO;
				DEBUG_INFORMATION_FORMAT = "dwarf-with-dsym";
				ENABLE_NS_ASSERTIONS = NO;
				ENABLE_STRICT_OBJC_MSGSEND = YES;
				GCC_C_LANGUAGE_STANDARD = gnu11;
				GCC_NO_COMMON_BLOCKS = YES;
				GCC_WARN_64_TO_32_BIT_CONVERSION = YES;
				GCC_WARN_ABOUT_RETURN_TYPE = YES_ERROR;
				GCC_WARN_UNDECLARED_SELECTOR = YES;
				GCC_WARN_UNINITIALIZED_AUTOS = YES_AGGRESSIVE;
				GCC_WARN_UNUSED_FUNCTION = YES;
				GCC_WARN_UNUSED_VARIABLE = YES;
				IPHONEOS_DEPLOYMENT_TARGET = 11.0;
				MTL_ENABLE_DEBUG_INFO = NO;
				SDKROOT = iphoneos;
				VALIDATE_PRODUCT = YES;
			};
			name = Release;
		};
		3C7EF6481F5E4D1100B369F0 /* Debug */ = {
			isa = XCBuildConfiguration;
			buildSettings = {
				ASSETCATALOG_COMPILER_APPICON_NAME = AppIcon;
				DEVELOPMENT_TEAM = H874NRF4RE;
				INFOPLIST_FILE = "滤镜demo/Info.plist";
				LD_RUNPATH_SEARCH_PATHS = "$(inherited) @executable_path/Frameworks";
				PRODUCT_BUNDLE_IDENTIFIER = "com.yue.--demo";
				PRODUCT_NAME = "$(TARGET_NAME)";
				TARGETED_DEVICE_FAMILY = "1,2";
			};
			name = Debug;
		};
		3C7EF6491F5E4D1100B369F0 /* Release */ = {
			isa = XCBuildConfiguration;
			buildSettings = {
				ASSETCATALOG_COMPILER_APPICON_NAME = AppIcon;
				DEVELOPMENT_TEAM = H874NRF4RE;
				INFOPLIST_FILE = "滤镜demo/Info.plist";
				LD_RUNPATH_SEARCH_PATHS = "$(inherited) @executable_path/Frameworks";
				PRODUCT_BUNDLE_IDENTIFIER = "com.yue.--demo";
				PRODUCT_NAME = "$(TARGET_NAME)";
				TARGETED_DEVICE_FAMILY = "1,2";
			};
			name = Release;
		};
		3C7EF64B1F5E4D1100B369F0 /* Debug */ = {
			isa = XCBuildConfiguration;
			buildSettings = {
				BUNDLE_LOADER = "$(TEST_HOST)";
				DEVELOPMENT_TEAM = H874NRF4RE;
				INFOPLIST_FILE = "滤镜demoTests/Info.plist";
				LD_RUNPATH_SEARCH_PATHS = "$(inherited) @executable_path/Frameworks @loader_path/Frameworks";
				PRODUCT_BUNDLE_IDENTIFIER = "com.yue.--demoTests";
				PRODUCT_NAME = "$(TARGET_NAME)";
				TARGETED_DEVICE_FAMILY = "1,2";
				TEST_HOST = "$(BUILT_PRODUCTS_DIR)/滤镜demo.app/滤镜demo";
			};
			name = Debug;
		};
		3C7EF64C1F5E4D1100B369F0 /* Release */ = {
			isa = XCBuildConfiguration;
			buildSettings = {
				BUNDLE_LOADER = "$(TEST_HOST)";
				DEVELOPMENT_TEAM = H874NRF4RE;
				INFOPLIST_FILE = "滤镜demoTests/Info.plist";
				LD_RUNPATH_SEARCH_PATHS = "$(inherited) @executable_path/Frameworks @loader_path/Frameworks";
				PRODUCT_BUNDLE_IDENTIFIER = "com.yue.--demoTests";
				PRODUCT_NAME = "$(TARGET_NAME)";
				TARGETED_DEVICE_FAMILY = "1,2";
				TEST_HOST = "$(BUILT_PRODUCTS_DIR)/滤镜demo.app/滤镜demo";
			};
			name = Release;
		};
		3C7EF64E1F5E4D1100B369F0 /* Debug */ = {
			isa = XCBuildConfiguration;
			buildSettings = {
				DEVELOPMENT_TEAM = H874NRF4RE;
				INFOPLIST_FILE = "滤镜demoUITests/Info.plist";
				LD_RUNPATH_SEARCH_PATHS = "$(inherited) @executable_path/Frameworks @loader_path/Frameworks";
				PRODUCT_BUNDLE_IDENTIFIER = "com.yue.--demoUITests";
				PRODUCT_NAME = "$(TARGET_NAME)";
				TARGETED_DEVICE_FAMILY = "1,2";
				TEST_TARGET_NAME = "滤镜demo";
			};
			name = Debug;
		};
		3C7EF64F1F5E4D1100B369F0 /* Release */ = {
			isa = XCBuildConfiguration;
			buildSettings = {
				DEVELOPMENT_TEAM = H874NRF4RE;
				INFOPLIST_FILE = "滤镜demoUITests/Info.plist";
				LD_RUNPATH_SEARCH_PATHS = "$(inherited) @executable_path/Frameworks @loader_path/Frameworks";
				PRODUCT_BUNDLE_IDENTIFIER = "com.yue.--demoUITests";
				PRODUCT_NAME = "$(TARGET_NAME)";
				TARGETED_DEVICE_FAMILY = "1,2";
				TEST_TARGET_NAME = "滤镜demo";
			};
			name = Release;
		};
/* End XCBuildConfiguration section */

/* Begin XCConfigurationList section */
		3C7EF6161F5E4D1100B369F0 /* Build configuration list for PBXProject "滤镜demo" */ = {
			isa = XCConfigurationList;
			buildConfigurations = (
				3C7EF6451F5E4D1100B369F0 /* Debug */,
				3C7EF6461F5E4D1100B369F0 /* Release */,
			);
			defaultConfigurationIsVisible = 0;
			defaultConfigurationName = Release;
		};
		3C7EF6471F5E4D1100B369F0 /* Build configuration list for PBXNativeTarget "滤镜demo" */ = {
			isa = XCConfigurationList;
			buildConfigurations = (
				3C7EF6481F5E4D1100B369F0 /* Debug */,
				3C7EF6491F5E4D1100B369F0 /* Release */,
			);
			defaultConfigurationIsVisible = 0;
			defaultConfigurationName = Release;
		};
		3C7EF64A1F5E4D1100B369F0 /* Build configuration list for PBXNativeTarget "滤镜demoTests" */ = {
			isa = XCConfigurationList;
			buildConfigurations = (
				3C7EF64B1F5E4D1100B369F0 /* Debug */,
				3C7EF64C1F5E4D1100B369F0 /* Release */,
			);
			defaultConfigurationIsVisible = 0;
			defaultConfigurationName = Release;
		};
		3C7EF64D1F5E4D1100B369F0 /* Build configuration list for PBXNativeTarget "滤镜demoUITests" */ = {
			isa = XCConfigurationList;
			buildConfigurations = (
				3C7EF64E1F5E4D1100B369F0 /* Debug */,
				3C7EF64F1F5E4D1100B369F0 /* Release */,
			);
			defaultConfigurationIsVisible = 0;
			defaultConfigurationName = Release;
		};
/* End XCConfigurationList section */
	};
	rootObject = 3C7EF6131F5E4D1100B369F0 /* Project object */;
}
