// !$*UTF8*$!
{
	archiveVersion = 1;
	classes = {
	};
	objectVersion = 48;
	objects = {

/* Begin PBXBuildFile section */
		3C1068A61F63F76E00F301AD /* Localizable.strings in Resources */ = {isa = PBXBuildFile; fileRef = 3C1068851F63F76D00F301AD /* Localizable.strings */; };
		3C1068A71F63F76E00F301AD /* Bugly.framework in Frameworks */ = {isa = PBXBuildFile; fileRef = 3C1068871F63F76D00F301AD /* Bugly.framework */; };
		3C1068A81F63F76E00F301AD /* homepage_bg@2x.png in Resources */ = {isa = PBXBuildFile; fileRef = 3C10688A1F63F76D00F301AD /* homepage_bg@2x.png */; };
		3C1068A91F63F76E00F301AD /* homepage_bg@3x.png in Resources */ = {isa = PBXBuildFile; fileRef = 3C10688B1F63F76D00F301AD /* homepage_bg@3x.png */; };
		3C1068AA1F63F76E00F301AD /* homepage_button_normal@2x.png in Resources */ = {isa = PBXBuildFile; fileRef = 3C10688C1F63F76D00F301AD /* homepage_button_normal@2x.png */; };
		3C1068AB1F63F76E00F301AD /* homepage_button_normal@3x.png in Resources */ = {isa = PBXBuildFile; fileRef = 3C10688D1F63F76D00F301AD /* homepage_button_normal@3x.png */; };
		3C1068AC1F63F76E00F301AD /* homepage_icon_beauty@2x.png in Resources */ = {isa = PBXBuildFile; fileRef = 3C10688E1F63F76D00F301AD /* homepage_icon_beauty@2x.png */; };
		3C1068AD1F63F76E00F301AD /* homepage_icon_beauty@3x.png in Resources */ = {isa = PBXBuildFile; fileRef = 3C10688F1F63F76D00F301AD /* homepage_icon_beauty@3x.png */; };
		3C1068AE1F63F76E00F301AD /* homepage_icon_camera@2x.png in Resources */ = {isa = PBXBuildFile; fileRef = 3C1068901F63F76D00F301AD /* homepage_icon_camera@2x.png */; };
		3C1068AF1F63F76E00F301AD /* homepage_icon_camera@3x.png in Resources */ = {isa = PBXBuildFile; fileRef = 3C1068911F63F76D00F301AD /* homepage_icon_camera@3x.png */; };
		3C1068B01F63F76E00F301AD /* homepage_icon_next@2x.png in Resources */ = {isa = PBXBuildFile; fileRef = 3C1068921F63F76D00F301AD /* homepage_icon_next@2x.png */; };
		3C1068B11F63F76E00F301AD /* homepage_icon_next@3x.png in Resources */ = {isa = PBXBuildFile; fileRef = 3C1068931F63F76D00F301AD /* homepage_icon_next@3x.png */; };
		3C1068B21F63F76E00F301AD /* homepage_icon_tools@2x.png in Resources */ = {isa = PBXBuildFile; fileRef = 3C1068941F63F76D00F301AD /* homepage_icon_tools@2x.png */; };
		3C1068B31F63F76E00F301AD /* homepage_icon_tools@3x.png in Resources */ = {isa = PBXBuildFile; fileRef = 3C1068951F63F76D00F301AD /* homepage_icon_tools@3x.png */; };
		3C1068B51F63F76E00F301AD /* sample_gif_editor.gif in Resources */ = {isa = PBXBuildFile; fileRef = 3C1068971F63F76D00F301AD /* sample_gif_editor.gif */; };
		3C1068B61F63F76E00F301AD /* sample_photo.jpg in Resources */ = {isa = PBXBuildFile; fileRef = 3C1068981F63F76D00F301AD /* sample_photo.jpg */; };
		3C1068B71F63F76E00F301AD /* sample_watermark.png in Resources */ = {isa = PBXBuildFile; fileRef = 3C1068991F63F76D00F301AD /* sample_watermark.png */; };
		3C1068B81F63F76E00F301AD /* TuSDK.bundle in Resources */ = {isa = PBXBuildFile; fileRef = 3C10689A1F63F76D00F301AD /* TuSDK.bundle */; };
		3C1068B91F63F76E00F301AD /* FPCameraBase.m in Sources */ = {isa = PBXBuildFile; fileRef = 3C10689F1F63F76E00F301AD /* FPCameraBase.m */; };
		3C1068BA1F63F76E00F301AD /* GeeV2Sample.m in Sources */ = {isa = PBXBuildFile; fileRef = 3C1068A11F63F76E00F301AD /* GeeV2Sample.m */; };
		3C1068BB1F63F76E00F301AD /* SampleBase.m in Sources */ = {isa = PBXBuildFile; fileRef = 3C1068A31F63F76E00F301AD /* SampleBase.m */; };
		3C1068BC1F63F76E00F301AD /* TuSDKViewController.m in Sources */ = {isa = PBXBuildFile; fileRef = 3C1068A51F63F76E00F301AD /* TuSDKViewController.m */; };
		3C1068C91F63F7B300F301AD /* FPCameraView.m in Sources */ = {isa = PBXBuildFile; fileRef = 3C1068BF1F63F7B300F301AD /* FPCameraView.m */; };
		3C1068CA1F63F7B300F301AD /* FPImageFilter.m in Sources */ = {isa = PBXBuildFile; fileRef = 3C1068C11F63F7B300F301AD /* FPImageFilter.m */; };
		3C1068CB1F63F7B300F301AD /* GPUImageBeautifyFilter.m in Sources */ = {isa = PBXBuildFile; fileRef = 3C1068C31F63F7B300F301AD /* GPUImageBeautifyFilter.m */; };
		3C1068CC1F63F7B300F301AD /* YYFilterAttributeModel.m in Sources */ = {isa = PBXBuildFile; fileRef = 3C1068C51F63F7B300F301AD /* YYFilterAttributeModel.m */; };
		3C1068CD1F63F7B300F301AD /* YYFilterAttributeTableViewCell.m in Sources */ = {isa = PBXBuildFile; fileRef = 3C1068C71F63F7B300F301AD /* YYFilterAttributeTableViewCell.m */; };
		3C1068CE1F63F7B300F301AD /* YYFilterAttributeTableViewCell.xib in Resources */ = {isa = PBXBuildFile; fileRef = 3C1068C81F63F7B300F301AD /* YYFilterAttributeTableViewCell.xib */; };
		3C1068D11F63F7CE00F301AD /* CIAdditionCompositingViewController.m in Sources */ = {isa = PBXBuildFile; fileRef = 3C1068D01F63F7CE00F301AD /* CIAdditionCompositingViewController.m */; };
		3C1068DF1F6403F300F301AD /* CIAffineTileViewController.m in Sources */ = {isa = PBXBuildFile; fileRef = 3C1068DE1F6403F300F301AD /* CIAffineTileViewController.m */; };
		3C1068E21F6404AF00F301AD /* CIBarsSwipeTransitionViewController.m in Sources */ = {isa = PBXBuildFile; fileRef = 3C1068E11F6404AF00F301AD /* CIBarsSwipeTransitionViewController.m */; };
		3C1068E41F64078A00F301AD /* ZXPUnicode.m in Sources */ = {isa = PBXBuildFile; fileRef = 3C1068E31F64078A00F301AD /* ZXPUnicode.m */; };
		3C47C2F81F67D37D000FFEB0 /* YYCameraView.m in Sources */ = {isa = PBXBuildFile; fileRef = 3C47C2F71F67D37D000FFEB0 /* YYCameraView.m */; };
		3C47C2FB1F67DDB7000FFEB0 /* ViewController.storyboard in Resources */ = {isa = PBXBuildFile; fileRef = 3C47C2FA1F67DDB6000FFEB0 /* ViewController.storyboard */; };
		3C5771161F74F47400AF7D0D /* CIBumpDistortionViewController.m in Sources */ = {isa = PBXBuildFile; fileRef = 3C5771151F74F47400AF7D0D /* CIBumpDistortionViewController.m */; };
		3C5771191F750E1F00AF7D0D /* CICheckerboardGeneratorViewController.m in Sources */ = {isa = PBXBuildFile; fileRef = 3C5771181F750E1F00AF7D0D /* CICheckerboardGeneratorViewController.m */; };
		3C57711C1F75155400AF7D0D /* CICircleSplashDistortionViewController.m in Sources */ = {isa = PBXBuildFile; fileRef = 3C57711B1F75155400AF7D0D /* CICircleSplashDistortionViewController.m */; };
		3C57711F1F75193500AF7D0D /* CIColorBlendModeViewController.m in Sources */ = {isa = PBXBuildFile; fileRef = 3C57711E1F75193500AF7D0D /* CIColorBlendModeViewController.m */; };
		3C5771221F7519D100AF7D0D /* CIColorBurnBlendModeViewController.m in Sources */ = {isa = PBXBuildFile; fileRef = 3C5771211F7519D100AF7D0D /* CIColorBurnBlendModeViewController.m */; };
		3C6119891F66595E006338C6 /* CIBloomViewController.m in Sources */ = {isa = PBXBuildFile; fileRef = 3C6119881F66595E006338C6 /* CIBloomViewController.m */; };
		3C646BC51F6905D000429B2F /* CIColorCubeViewController.m in Sources */ = {isa = PBXBuildFile; fileRef = 3C646BC41F6905D000429B2F /* CIColorCubeViewController.m */; };
		3C7EF6201F5E4D1100B369F0 /* AppDelegate.m in Sources */ = {isa = PBXBuildFile; fileRef = 3C7EF61F1F5E4D1100B369F0 /* AppDelegate.m */; };
		3C7EF6231F5E4D1100B369F0 /* ViewController.m in Sources */ = {isa = PBXBuildFile; fileRef = 3C7EF6221F5E4D1100B369F0 /* ViewController.m */; };
		3C7EF6281F5E4D1100B369F0 /* Assets.xcassets in Resources */ = {isa = PBXBuildFile; fileRef = 3C7EF6271F5E4D1100B369F0 /* Assets.xcassets */; };
		3C7EF62B1F5E4D1100B369F0 /* LaunchScreen.storyboard in Resources */ = {isa = PBXBuildFile; fileRef = 3C7EF6291F5E4D1100B369F0 /* LaunchScreen.storyboard */; };
		3C7EF62E1F5E4D1100B369F0 /* main.m in Sources */ = {isa = PBXBuildFile; fileRef = 3C7EF62D1F5E4D1100B369F0 /* main.m */; };
		3C7EF6381F5E4D1100B369F0 /* __demoTests.m in Sources */ = {isa = PBXBuildFile; fileRef = 3C7EF6371F5E4D1100B369F0 /* __demoTests.m */; };
		3C7EF6431F5E4D1100B369F0 /* __demoUITests.m in Sources */ = {isa = PBXBuildFile; fileRef = 3C7EF6421F5E4D1100B369F0 /* __demoUITests.m */; };
		3C7EF6521F5E50F000B369F0 /* IUCollectionViewCell.m in Sources */ = {isa = PBXBuildFile; fileRef = 3C7EF6511F5E50F000B369F0 /* IUCollectionViewCell.m */; };
		3C7EF6551F5E53A100B369F0 /* IUViewController.m in Sources */ = {isa = PBXBuildFile; fileRef = 3C7EF6541F5E53A100B369F0 /* IUViewController.m */; };
		3C7EF6591F5E68D100B369F0 /* YYBaseViewController.m in Sources */ = {isa = PBXBuildFile; fileRef = 3C7EF6581F5E68D100B369F0 /* YYBaseViewController.m */; };
		3C7EF65C1F5E69DC00B369F0 /* CIColorMonochromeViewController.m in Sources */ = {isa = PBXBuildFile; fileRef = 3C7EF65B1F5E69DC00B369F0 /* CIColorMonochromeViewController.m */; };
		3C7F72421F5FCDDA00EA751F /* Photos.framework in Frameworks */ = {isa = PBXBuildFile; fileRef = 3C7F72411F5FCDDA00EA751F /* Photos.framework */; settings = {ATTRIBUTES = (Weak, ); }; };
		3C7F72441F5FCDF400EA751F /* Accelerate.framework in Frameworks */ = {isa = PBXBuildFile; fileRef = 3C7F72431F5FCDF400EA751F /* Accelerate.framework */; settings = {ATTRIBUTES = (Required, ); }; };
		3C7F72461F5FCFB500EA751F /* libz.1.2.5.tbd in Frameworks */ = {isa = PBXBuildFile; fileRef = 3C7F72451F5FCFB500EA751F /* libz.1.2.5.tbd */; };
		3C7F72481F5FCFC000EA751F /* libstdc++.tbd in Frameworks */ = {isa = PBXBuildFile; fileRef = 3C7F72471F5FCFC000EA751F /* libstdc++.tbd */; };
		3C7F724A1F5FCFCB00EA751F /* libstdc++.6.tbd in Frameworks */ = {isa = PBXBuildFile; fileRef = 3C7F72491F5FCFCB00EA751F /* libstdc++.6.tbd */; };
		3C7F724C1F5FCFD600EA751F /* libstdc++.6.0.9.tbd in Frameworks */ = {isa = PBXBuildFile; fileRef = 3C7F724B1F5FCFD500EA751F /* libstdc++.6.0.9.tbd */; };
		8F7F38E627A163E90051C468 /* libPods-滤镜demo.a in Frameworks */ = {isa = PBXBuildFile; fileRef = 0AF130310B5F3051E4718C18 /* libPods-滤镜demo.a */; settings = {ATTRIBUTES = (Required, ); }; };
/* End PBXBuildFile section */

/* Begin PBXContainerItemProxy section */
		3C7EF6341F5E4D1100B369F0 /* PBXContainerItemProxy */ = {
			isa = PBXContainerItemProxy;
			containerPortal = 3C7EF6131F5E4D1100B369F0 /* Project object */;
			proxyType = 1;
			remoteGlobalIDString = 3C7EF61A1F5E4D1100B369F0;
			remoteInfo = "滤镜demo";
		};
		3C7EF63F1F5E4D1100B369F0 /* PBXContainerItemProxy */ = {
			isa = PBXContainerItemProxy;
			containerPortal = 3C7EF6131F5E4D1100B369F0 /* Project object */;
			proxyType = 1;
			remoteGlobalIDString = 3C7EF61A1F5E4D1100B369F0;
			remoteInfo = "滤镜demo";
		};
/* End PBXContainerItemProxy section */

/* Begin PBXFileReference section */
		0AF130310B5F3051E4718C18 /* libPods-滤镜demo.a */ = {isa = PBXFileReference; explicitFileType = archive.ar; includeInIndex = 0; path = "libPods-滤镜demo.a"; sourceTree = BUILT_PRODUCTS_DIR; };
		3BA52D21A9B7B0C12BA3E969 /* Pods-滤镜demo.debug.xcconfig */ = {isa = PBXFileReference; includeInIndex = 1; lastKnownFileType = text.xcconfig; name = "Pods-滤镜demo.debug.xcconfig"; path = "Pods/Target Support Files/Pods-滤镜demo/Pods-滤镜demo.debug.xcconfig"; sourceTree = "<group>"; };
		3C1068861F63F76D00F301AD /* Base */ = {isa = PBXFileReference; lastKnownFileType = text.plist.strings; name = Base; path = Base.lproj/Localizable.strings; sourceTree = "<group>"; };
		3C1068871F63F76D00F301AD /* Bugly.framework */ = {isa = PBXFileReference; lastKnownFileType = wrapper.framework; path = Bugly.framework; sourceTree = "<group>"; };
		3C1068881F63F76D00F301AD /* En */ = {isa = PBXFileReference; lastKnownFileType = text.plist.strings; name = En; path = En.lproj/Localizable.strings; sourceTree = "<group>"; };
		3C10688A1F63F76D00F301AD /* homepage_bg@2x.png */ = {isa = PBXFileReference; lastKnownFileType = image.png; path = "homepage_bg@2x.png"; sourceTree = "<group>"; };
		3C10688B1F63F76D00F301AD /* homepage_bg@3x.png */ = {isa = PBXFileReference; lastKnownFileType = image.png; path = "homepage_bg@3x.png"; sourceTree = "<group>"; };
		3C10688C1F63F76D00F301AD /* homepage_button_normal@2x.png */ = {isa = PBXFileReference; lastKnownFileType = image.png; path = "homepage_button_normal@2x.png"; sourceTree = "<group>"; };
		3C10688D1F63F76D00F301AD /* homepage_button_normal@3x.png */ = {isa = PBXFileReference; lastKnownFileType = image.png; path = "homepage_button_normal@3x.png"; sourceTree = "<group>"; };
		3C10688E1F63F76D00F301AD /* homepage_icon_beauty@2x.png */ = {isa = PBXFileReference; lastKnownFileType = image.png; path = "homepage_icon_beauty@2x.png"; sourceTree = "<group>"; };
		3C10688F1F63F76D00F301AD /* homepage_icon_beauty@3x.png */ = {isa = PBXFileReference; lastKnownFileType = image.png; path = "homepage_icon_beauty@3x.png"; sourceTree = "<group>"; };
		3C1068901F63F76D00F301AD /* homepage_icon_camera@2x.png */ = {isa = PBXFileReference; lastKnownFileType = image.png; path = "homepage_icon_camera@2x.png"; sourceTree = "<group>"; };
		3C1068911F63F76D00F301AD /* homepage_icon_camera@3x.png */ = {isa = PBXFileReference; lastKnownFileType = image.png; path = "homepage_icon_camera@3x.png"; sourceTree = "<group>"; };
		3C1068921F63F76D00F301AD /* homepage_icon_next@2x.png */ = {isa = PBXFileReference; lastKnownFileType = image.png; path = "homepage_icon_next@2x.png"; sourceTree = "<group>"; };
		3C1068931F63F76D00F301AD /* homepage_icon_next@3x.png */ = {isa = PBXFileReference; lastKnownFileType = image.png; path = "homepage_icon_next@3x.png"; sourceTree = "<group>"; };
		3C1068941F63F76D00F301AD /* homepage_icon_tools@2x.png */ = {isa = PBXFileReference; lastKnownFileType = image.png; path = "homepage_icon_tools@2x.png"; sourceTree = "<group>"; };
		3C1068951F63F76D00F301AD /* homepage_icon_tools@3x.png */ = {isa = PBXFileReference; lastKnownFileType = image.png; path = "homepage_icon_tools@3x.png"; sourceTree = "<group>"; };
		3C1068971F63F76D00F301AD /* sample_gif_editor.gif */ = {isa = PBXFileReference; lastKnownFileType = image.gif; path = sample_gif_editor.gif; sourceTree = "<group>"; };
		3C1068981F63F76D00F301AD /* sample_photo.jpg */ = {isa = PBXFileReference; lastKnownFileType = image.jpeg; path = sample_photo.jpg; sourceTree = "<group>"; };
		3C1068991F63F76D00F301AD /* sample_watermark.png */ = {isa = PBXFileReference; lastKnownFileType = image.png; path = sample_watermark.png; sourceTree = "<group>"; };
		3C10689A1F63F76D00F301AD /* TuSDK.bundle */ = {isa = PBXFileReference; lastKnownFileType = "wrapper.plug-in"; path = TuSDK.bundle; sourceTree = "<group>"; };
		3C10689B1F63F76E00F301AD /* zh-Hans */ = {isa = PBXFileReference; lastKnownFileType = text.plist.strings; name = "zh-Hans"; path = "zh-Hans.lproj/Localizable.strings"; sourceTree = "<group>"; };
		3C10689C1F63F76E00F301AD /* zh-Hant */ = {isa = PBXFileReference; lastKnownFileType = text.plist.strings; name = "zh-Hant"; path = "zh-Hant.lproj/Localizable.strings"; sourceTree = "<group>"; };
		3C10689E1F63F76E00F301AD /* FPCameraBase.h */ = {isa = PBXFileReference; fileEncoding = 4; lastKnownFileType = sourcecode.c.h; path = FPCameraBase.h; sourceTree = "<group>"; };
		3C10689F1F63F76E00F301AD /* FPCameraBase.m */ = {isa = PBXFileReference; fileEncoding = 4; lastKnownFileType = sourcecode.c.objc; path = FPCameraBase.m; sourceTree = "<group>"; };
		3C1068A01F63F76E00F301AD /* GeeV2Sample.h */ = {isa = PBXFileReference; fileEncoding = 4; lastKnownFileType = sourcecode.c.h; path = GeeV2Sample.h; sourceTree = "<group>"; };
		3C1068A11F63F76E00F301AD /* GeeV2Sample.m */ = {isa = PBXFileReference; fileEncoding = 4; lastKnownFileType = sourcecode.c.objc; path = GeeV2Sample.m; sourceTree = "<group>"; };
		3C1068A21F63F76E00F301AD /* SampleBase.h */ = {isa = PBXFileReference; fileEncoding = 4; lastKnownFileType = sourcecode.c.h; path = SampleBase.h; sourceTree = "<group>"; };
		3C1068A31F63F76E00F301AD /* SampleBase.m */ = {isa = PBXFileReference; fileEncoding = 4; lastKnownFileType = sourcecode.c.objc; path = SampleBase.m; sourceTree = "<group>"; };
		3C1068A41F63F76E00F301AD /* TuSDKViewController.h */ = {isa = PBXFileReference; fileEncoding = 4; lastKnownFileType = sourcecode.c.h; path = TuSDKViewController.h; sourceTree = "<group>"; };
		3C1068A51F63F76E00F301AD /* TuSDKViewController.m */ = {isa = PBXFileReference; fileEncoding = 4; lastKnownFileType = sourcecode.c.objc; path = TuSDKViewController.m; sourceTree = "<group>"; };
		3C1068BE1F63F7B300F301AD /* FPCameraView.h */ = {isa = PBXFileReference; fileEncoding = 4; lastKnownFileType = sourcecode.c.h; path = FPCameraView.h; sourceTree = "<group>"; };
		3C1068BF1F63F7B300F301AD /* FPCameraView.m */ = {isa = PBXFileReference; fileEncoding = 4; lastKnownFileType = sourcecode.c.objc; path = FPCameraView.m; sourceTree = "<group>"; };
		3C1068C01F63F7B300F301AD /* FPImageFilter.h */ = {isa = PBXFileReference; fileEncoding = 4; lastKnownFileType = sourcecode.c.h; path = FPImageFilter.h; sourceTree = "<group>"; };
		3C1068C11F63F7B300F301AD /* FPImageFilter.m */ = {isa = PBXFileReference; fileEncoding = 4; lastKnownFileType = sourcecode.c.objc; path = FPImageFilter.m; sourceTree = "<group>"; };
		3C1068C21F63F7B300F301AD /* GPUImageBeautifyFilter.h */ = {isa = PBXFileReference; fileEncoding = 4; lastKnownFileType = sourcecode.c.h; path = GPUImageBeautifyFilter.h; sourceTree = "<group>"; };
		3C1068C31F63F7B300F301AD /* GPUImageBeautifyFilter.m */ = {isa = PBXFileReference; fileEncoding = 4; lastKnownFileType = sourcecode.c.objc; path = GPUImageBeautifyFilter.m; sourceTree = "<group>"; };
		3C1068C41F63F7B300F301AD /* YYFilterAttributeModel.h */ = {isa = PBXFileReference; fileEncoding = 4; lastKnownFileType = sourcecode.c.h; path = YYFilterAttributeModel.h; sourceTree = "<group>"; };
		3C1068C51F63F7B300F301AD /* YYFilterAttributeModel.m */ = {isa = PBXFileReference; fileEncoding = 4; lastKnownFileType = sourcecode.c.objc; path = YYFilterAttributeModel.m; sourceTree = "<group>"; };
		3C1068C61F63F7B300F301AD /* YYFilterAttributeTableViewCell.h */ = {isa = PBXFileReference; fileEncoding = 4; lastKnownFileType = sourcecode.c.h; path = YYFilterAttributeTableViewCell.h; sourceTree = "<group>"; };
		3C1068C71F63F7B300F301AD /* YYFilterAttributeTableViewCell.m */ = {isa = PBXFileReference; fileEncoding = 4; lastKnownFileType = sourcecode.c.objc; path = YYFilterAttributeTableViewCell.m; sourceTree = "<group>"; };
		3C1068C81F63F7B300F301AD /* YYFilterAttributeTableViewCell.xib */ = {isa = PBXFileReference; fileEncoding = 4; lastKnownFileType = file.xib; path = YYFilterAttributeTableViewCell.xib; sourceTree = "<group>"; };
		3C1068CF1F63F7CE00F301AD /* CIAdditionCompositingViewController.h */ = {isa = PBXFileReference; lastKnownFileType = sourcecode.c.h; path = CIAdditionCompositingViewController.h; sourceTree = "<group>"; };
		3C1068D01F63F7CE00F301AD /* CIAdditionCompositingViewController.m */ = {isa = PBXFileReference; lastKnownFileType = sourcecode.c.objc; path = CIAdditionCompositingViewController.m; sourceTree = "<group>"; };
		3C1068DD1F6403F300F301AD /* CIAffineTileViewController.h */ = {isa = PBXFileReference; lastKnownFileType = sourcecode.c.h; path = CIAffineTileViewController.h; sourceTree = "<group>"; };
		3C1068DE1F6403F300F301AD /* CIAffineTileViewController.m */ = {isa = PBXFileReference; lastKnownFileType = sourcecode.c.objc; path = CIAffineTileViewController.m; sourceTree = "<group>"; };
		3C1068E01F6404AF00F301AD /* CIBarsSwipeTransitionViewController.h */ = {isa = PBXFileReference; lastKnownFileType = sourcecode.c.h; path = CIBarsSwipeTransitionViewController.h; sourceTree = "<group>"; };
		3C1068E11F6404AF00F301AD /* CIBarsSwipeTransitionViewController.m */ = {isa = PBXFileReference; lastKnownFileType = sourcecode.c.objc; path = CIBarsSwipeTransitionViewController.m; sourceTree = "<group>"; };
		3C1068E31F64078A00F301AD /* ZXPUnicode.m */ = {isa = PBXFileReference; lastKnownFileType = sourcecode.c.objc; path = ZXPUnicode.m; sourceTree = "<group>"; };
		3C47C2F61F67D37D000FFEB0 /* YYCameraView.h */ = {isa = PBXFileReference; lastKnownFileType = sourcecode.c.h; path = YYCameraView.h; sourceTree = "<group>"; };
		3C47C2F71F67D37D000FFEB0 /* YYCameraView.m */ = {isa = PBXFileReference; lastKnownFileType = sourcecode.c.objc; path = YYCameraView.m; sourceTree = "<group>"; };
		3C47C2FA1F67DDB6000FFEB0 /* ViewController.storyboard */ = {isa = PBXFileReference; fileEncoding = 4; lastKnownFileType = file.storyboard; path = ViewController.storyboard; sourceTree = "<group>"; };
		3C5771141F74F47400AF7D0D /* CIBumpDistortionViewController.h */ = {isa = PBXFileReference; lastKnownFileType = sourcecode.c.h; path = CIBumpDistortionViewController.h; sourceTree = "<group>"; };
		3C5771151F74F47400AF7D0D /* CIBumpDistortionViewController.m */ = {isa = PBXFileReference; lastKnownFileType = sourcecode.c.objc; path = CIBumpDistortionViewController.m; sourceTree = "<group>"; };
		3C5771171F750E1F00AF7D0D /* CICheckerboardGeneratorViewController.h */ = {isa = PBXFileReference; lastKnownFileType = sourcecode.c.h; path = CICheckerboardGeneratorViewController.h; sourceTree = "<group>"; };
		3C5771181F750E1F00AF7D0D /* CICheckerboardGeneratorViewController.m */ = {isa = PBXFileReference; lastKnownFileType = sourcecode.c.objc; path = CICheckerboardGeneratorViewController.m; sourceTree = "<group>"; };
		3C57711A1F75155400AF7D0D /* CICircleSplashDistortionViewController.h */ = {isa = PBXFileReference; lastKnownFileType = sourcecode.c.h; path = CICircleSplashDistortionViewController.h; sourceTree = "<group>"; };
		3C57711B1F75155400AF7D0D /* CICircleSplashDistortionViewController.m */ = {isa = PBXFileReference; lastKnownFileType = sourcecode.c.objc; path = CICircleSplashDistortionViewController.m; sourceTree = "<group>"; };
		3C57711D1F75193500AF7D0D /* CIColorBlendModeViewController.h */ = {isa = PBXFileReference; lastKnownFileType = sourcecode.c.h; path = CIColorBlendModeViewController.h; sourceTree = "<group>"; };
		3C57711E1F75193500AF7D0D /* CIColorBlendModeViewController.m */ = {isa = PBXFileReference; lastKnownFileType = sourcecode.c.objc; path = CIColorBlendModeViewController.m; sourceTree = "<group>"; };
		3C5771201F7519D100AF7D0D /* CIColorBurnBlendModeViewController.h */ = {isa = PBXFileReference; lastKnownFileType = sourcecode.c.h; path = CIColorBurnBlendModeViewController.h; sourceTree = "<group>"; };
		3C5771211F7519D100AF7D0D /* CIColorBurnBlendModeViewController.m */ = {isa = PBXFileReference; lastKnownFileType = sourcecode.c.objc; path = CIColorBurnBlendModeViewController.m; sourceTree = "<group>"; };
		3C6119871F66595E006338C6 /* CIBloomViewController.h */ = {isa = PBXFileReference; lastKnownFileType = sourcecode.c.h; path = CIBloomViewController.h; sourceTree = "<group>"; };
		3C6119881F66595E006338C6 /* CIBloomViewController.m */ = {isa = PBXFileReference; lastKnownFileType = sourcecode.c.objc; path = CIBloomViewController.m; sourceTree = "<group>"; };
		3C646BC31F6905D000429B2F /* CIColorCubeViewController.h */ = {isa = PBXFileReference; lastKnownFileType = sourcecode.c.h; path = CIColorCubeViewController.h; sourceTree = "<group>"; };
		3C646BC41F6905D000429B2F /* CIColorCubeViewController.m */ = {isa = PBXFileReference; lastKnownFileType = sourcecode.c.objc; path = CIColorCubeViewController.m; sourceTree = "<group>"; };
		3C7EF61B1F5E4D1100B369F0 /* 滤镜demo.app */ = {isa = PBXFileReference; explicitFileType = wrapper.application; includeInIndex = 0; path = "滤镜demo.app"; sourceTree = BUILT_PRODUCTS_DIR; };
		3C7EF61E1F5E4D1100B369F0 /* AppDelegate.h */ = {isa = PBXFileReference; lastKnownFileType = sourcecode.c.h; path = AppDelegate.h; sourceTree = "<group>"; };
		3C7EF61F1F5E4D1100B369F0 /* AppDelegate.m */ = {isa = PBXFileReference; lastKnownFileType = sourcecode.c.objc; path = AppDelegate.m; sourceTree = "<group>"; };
		3C7EF6211F5E4D1100B369F0 /* ViewController.h */ = {isa = PBXFileReference; lastKnownFileType = sourcecode.c.h; path = ViewController.h; sourceTree = "<group>"; };
		3C7EF6221F5E4D1100B369F0 /* ViewController.m */ = {isa = PBXFileReference; lastKnownFileType = sourcecode.c.objc; path = ViewController.m; sourceTree = "<group>"; };
		3C7EF6271F5E4D1100B369F0 /* Assets.xcassets */ = {isa = PBXFileReference; lastKnownFileType = folder.assetcatalog; path = Assets.xcassets; sourceTree = "<group>"; };
		3C7EF62A1F5E4D1100B369F0 /* Base */ = {isa = PBXFileReference; lastKnownFileType = file.storyboard; name = Base; path = Base.lproj/LaunchScreen.storyboard; sourceTree = "<group>"; };
		3C7EF62C1F5E4D1100B369F0 /* Info.plist */ = {isa = PBXFileReference; lastKnownFileType = text.plist.xml; path = Info.plist; sourceTree = "<group>"; };
		3C7EF62D1F5E4D1100B369F0 /* main.m */ = {isa = PBXFileReference; lastKnownFileType = sourcecode.c.objc; path = main.m; sourceTree = "<group>"; };
		3C7EF6331F5E4D1100B369F0 /* 滤镜demoTests.xctest */ = {isa = PBXFileReference; explicitFileType = wrapper.cfbundle; includeInIndex = 0; path = "滤镜demoTests.xctest"; sourceTree = BUILT_PRODUCTS_DIR; };
		3C7EF6371F5E4D1100B369F0 /* __demoTests.m */ = {isa = PBXFileReference; lastKnownFileType = sourcecode.c.objc; path = __demoTests.m; sourceTree = "<group>"; };
		3C7EF6391F5E4D1100B369F0 /* Info.plist */ = {isa = PBXFileReference; lastKnownFileType = text.plist.xml; path = Info.plist; sourceTree = "<group>"; };
		3C7EF63E1F5E4D1100B369F0 /* 滤镜demoUITests.xctest */ = {isa = PBXFileReference; explicitFileType = wrapper.cfbundle; includeInIndex = 0; path = "滤镜demoUITests.xctest"; sourceTree = BUILT_PRODUCTS_DIR; };
		3C7EF6421F5E4D1100B369F0 /* __demoUITests.m */ = {isa = PBXFileReference; lastKnownFileType = sourcecode.c.objc; path = __demoUITests.m; sourceTree = "<group>"; };
		3C7EF6441F5E4D1100B369F0 /* Info.plist */ = {isa = PBXFileReference; lastKnownFileType = text.plist.xml; path = Info.plist; sourceTree = "<group>"; };
		3C7EF6501F5E50F000B369F0 /* IUCollectionViewCell.h */ = {isa = PBXFileReference; lastKnownFileType = sourcecode.c.h; path = IUCollectionViewCell.h; sourceTree = "<group>"; };
		3C7EF6511F5E50F000B369F0 /* IUCollectionViewCell.m */ = {isa = PBXFileReference; lastKnownFileType = sourcecode.c.objc; path = IUCollectionViewCell.m; sourceTree = "<group>"; };
		3C7EF6531F5E53A100B369F0 /* IUViewController.h */ = {isa = PBXFileReference; lastKnownFileType = sourcecode.c.h; path = IUViewController.h; sourceTree = "<group>"; };
		3C7EF6541F5E53A100B369F0 /* IUViewController.m */ = {isa = PBXFileReference; lastKnownFileType = sourcecode.c.objc; path = IUViewController.m; sourceTree = "<group>"; };
		3C7EF6571F5E68D100B369F0 /* YYBaseViewController.h */ = {isa = PBXFileReference; lastKnownFileType = sourcecode.c.h; path = YYBaseViewController.h; sourceTree = "<group>"; };
		3C7EF6581F5E68D100B369F0 /* YYBaseViewController.m */ = {isa = PBXFileReference; lastKnownFileType = sourcecode.c.objc; path = YYBaseViewController.m; sourceTree = "<group>"; };
		3C7EF65A1F5E69DC00B369F0 /* CIColorMonochromeViewController.h */ = {isa = PBXFileReference; lastKnownFileType = sourcecode.c.h; path = CIColorMonochromeViewController.h; sourceTree = "<group>"; };
		3C7EF65B1F5E69DC00B369F0 /* CIColorMonochromeViewController.m */ = {isa = PBXFileReference; lastKnownFileType = sourcecode.c.objc; path = CIColorMonochromeViewController.m; sourceTree = "<group>"; };
		3C7F72411F5FCDDA00EA751F /* Photos.framework */ = {isa = PBXFileReference; lastKnownFileType = wrapper.framework; name = Photos.framework; path = System/Library/Frameworks/Photos.framework; sourceTree = SDKROOT; };
		3C7F72431F5FCDF400EA751F /* Accelerate.framework */ = {isa = PBXFileReference; lastKnownFileType = wrapper.framework; name = Accelerate.framework; path = System/Library/Frameworks/Accelerate.framework; sourceTree = SDKROOT; };
		3C7F72451F5FCFB500EA751F /* libz.1.2.5.tbd */ = {isa = PBXFileReference; lastKnownFileType = "sourcecode.text-based-dylib-definition"; name = libz.1.2.5.tbd; path = usr/lib/libz.1.2.5.tbd; sourceTree = SDKROOT; };
		3C7F72471F5FCFC000EA751F /* libstdc++.tbd */ = {isa = PBXFileReference; lastKnownFileType = "sourcecode.text-based-dylib-definition"; name = "libstdc++.tbd"; path = "usr/lib/libstdc++.tbd"; sourceTree = SDKROOT; };
		3C7F72491F5FCFCB00EA751F /* libstdc++.6.tbd */ = {isa = PBXFileReference; lastKnownFileType = "sourcecode.text-based-dylib-definition"; name = "libstdc++.6.tbd"; path = "usr/lib/libstdc++.6.tbd"; sourceTree = SDKROOT; };
		3C7F724B1F5FCFD500EA751F /* libstdc++.6.0.9.tbd */ = {isa = PBXFileReference; lastKnownFileType = "sourcecode.text-based-dylib-definition"; name = "libstdc++.6.0.9.tbd"; path = "usr/lib/libstdc++.6.0.9.tbd"; sourceTree = SDKROOT; };
		E45F7D5D775B8C34B91EE287 /* Pods-滤镜demo.release.xcconfig */ = {isa = PBXFileReference; includeInIndex = 1; lastKnownFileType = text.xcconfig; name = "Pods-滤镜demo.release.xcconfig"; path = "Pods/Target Support Files/Pods-滤镜demo/Pods-滤镜demo.release.xcconfig"; sourceTree = "<group>"; };
/* End PBXFileReference section */

/* Begin PBXFrameworksBuildPhase section */
		3C7EF6181F5E4D1100B369F0 /* Frameworks */ = {
			isa = PBXFrameworksBuildPhase;
			buildActionMask = 2147483647;
			files = (
				3C7F724C1F5FCFD600EA751F /* libstdc++.6.0.9.tbd in Frameworks */,
				3C7F724A1F5FCFCB00EA751F /* libstdc++.6.tbd in Frameworks */,
				3C7F72481F5FCFC000EA751F /* libstdc++.tbd in Frameworks */,
				3C7F72461F5FCFB500EA751F /* libz.1.2.5.tbd in Frameworks */,
				3C7F72441F5FCDF400EA751F /* Accelerate.framework in Frameworks */,
				3C7F72421F5FCDDA00EA751F /* Photos.framework in Frameworks */,
				3C1068A71F63F76E00F301AD /* Bugly.framework in Frameworks */,
				8F7F38E627A163E90051C468 /* libPods-滤镜demo.a in Frameworks */,
			);
			runOnlyForDeploymentPostprocessing = 0;
		};
		3C7EF6301F5E4D1100B369F0 /* Frameworks */ = {
			isa = PBXFrameworksBuildPhase;
			buildActionMask = 2147483647;
			files = (
			);
			runOnlyForDeploymentPostprocessing = 0;
		};
		3C7EF63B1F5E4D1100B369F0 /* Frameworks */ = {
			isa = PBXFrameworksBuildPhase;
			buildActionMask = 2147483647;
			files = (
			);
			runOnlyForDeploymentPostprocessing = 0;
		};
/* End PBXFrameworksBuildPhase section */

/* Begin PBXGroup section */
		3C1068841F63F76D00F301AD /* Resources */ = {
			isa = PBXGroup;
			children = (
				3C1068851F63F76D00F301AD /* Localizable.strings */,
				3C1068871F63F76D00F301AD /* Bugly.framework */,
				3C1068891F63F76D00F301AD /* Images */,
				3C1068971F63F76D00F301AD /* sample_gif_editor.gif */,
				3C1068981F63F76D00F301AD /* sample_photo.jpg */,
				3C1068991F63F76D00F301AD /* sample_watermark.png */,
				3C10689A1F63F76D00F301AD /* TuSDK.bundle */,
			);
			path = Resources;
			sourceTree = "<group>";
		};
		3C1068891F63F76D00F301AD /* Images */ = {
			isa = PBXGroup;
			children = (
				3C10688A1F63F76D00F301AD /* homepage_bg@2x.png */,
				3C10688B1F63F76D00F301AD /* homepage_bg@3x.png */,
				3C10688C1F63F76D00F301AD /* homepage_button_normal@2x.png */,
				3C10688D1F63F76D00F301AD /* homepage_button_normal@3x.png */,
				3C10688E1F63F76D00F301AD /* homepage_icon_beauty@2x.png */,
				3C10688F1F63F76D00F301AD /* homepage_icon_beauty@3x.png */,
				3C1068901F63F76D00F301AD /* homepage_icon_camera@2x.png */,
				3C1068911F63F76D00F301AD /* homepage_icon_camera@3x.png */,
				3C1068921F63F76D00F301AD /* homepage_icon_next@2x.png */,
				3C1068931F63F76D00F301AD /* homepage_icon_next@3x.png */,
				3C1068941F63F76D00F301AD /* homepage_icon_tools@2x.png */,
				3C1068951F63F76D00F301AD /* homepage_icon_tools@3x.png */,
			);
			path = Images;
			sourceTree = "<group>";
		};
		3C10689D1F63F76E00F301AD /* TuSDK */ = {
			isa = PBXGroup;
			children = (
				3C10689E1F63F76E00F301AD /* FPCameraBase.h */,
				3C10689F1F63F76E00F301AD /* FPCameraBase.m */,
				3C1068A01F63F76E00F301AD /* GeeV2Sample.h */,
				3C1068A11F63F76E00F301AD /* GeeV2Sample.m */,
				3C1068A21F63F76E00F301AD /* SampleBase.h */,
				3C1068A31F63F76E00F301AD /* SampleBase.m */,
				3C1068A41F63F76E00F301AD /* TuSDKViewController.h */,
				3C1068A51F63F76E00F301AD /* TuSDKViewController.m */,
			);
			path = TuSDK;
			sourceTree = "<group>";
		};
		3C1068BD1F63F7B300F301AD /* view-model */ = {
			isa = PBXGroup;
			children = (
				3C1068BE1F63F7B300F301AD /* FPCameraView.h */,
				3C1068BF1F63F7B300F301AD /* FPCameraView.m */,
				3C47C2F61F67D37D000FFEB0 /* YYCameraView.h */,
				3C47C2F71F67D37D000FFEB0 /* YYCameraView.m */,
				3C1068C01F63F7B300F301AD /* FPImageFilter.h */,
				3C1068C11F63F7B300F301AD /* FPImageFilter.m */,
				3C1068C21F63F7B300F301AD /* GPUImageBeautifyFilter.h */,
				3C1068C31F63F7B300F301AD /* GPUImageBeautifyFilter.m */,
				3C1068C41F63F7B300F301AD /* YYFilterAttributeModel.h */,
				3C1068C51F63F7B300F301AD /* YYFilterAttributeModel.m */,
				3C1068C61F63F7B300F301AD /* YYFilterAttributeTableViewCell.h */,
				3C1068C71F63F7B300F301AD /* YYFilterAttributeTableViewCell.m */,
				3C1068C81F63F7B300F301AD /* YYFilterAttributeTableViewCell.xib */,
			);
			path = "view-model";
			sourceTree = "<group>";
		};
		3C7EF6121F5E4D1100B369F0 = {
			isa = PBXGroup;
			children = (
				3C7EF61D1F5E4D1100B369F0 /* 滤镜demo */,
				3C7EF6361F5E4D1100B369F0 /* 滤镜demoTests */,
				3C7EF6411F5E4D1100B369F0 /* 滤镜demoUITests */,
				3C7EF61C1F5E4D1100B369F0 /* Products */,
				C37857F6F1505E5B70767580 /* Pods */,
				6D2D289299521A8E0586CB6E /* Frameworks */,
			);
			sourceTree = "<group>";
		};
		3C7EF61C1F5E4D1100B369F0 /* Products */ = {
			isa = PBXGroup;
			children = (
				3C7EF61B1F5E4D1100B369F0 /* 滤镜demo.app */,
				3C7EF6331F5E4D1100B369F0 /* 滤镜demoTests.xctest */,
				3C7EF63E1F5E4D1100B369F0 /* 滤镜demoUITests.xctest */,
			);
			name = Products;
			sourceTree = "<group>";
		};
		3C7EF61D1F5E4D1100B369F0 /* 滤镜demo */ = {
			isa = PBXGroup;
			children = (
				3C1068E31F64078A00F301AD /* ZXPUnicode.m */,
				3C1068841F63F76D00F301AD /* Resources */,
				3C10689D1F63F76E00F301AD /* TuSDK */,
				3C7EF6561F5E68BA00B369F0 /* 单个滤镜 */,
				3C7EF61E1F5E4D1100B369F0 /* AppDelegate.h */,
				3C7EF61F1F5E4D1100B369F0 /* AppDelegate.m */,
				3C7EF6211F5E4D1100B369F0 /* ViewController.h */,
				3C7EF6221F5E4D1100B369F0 /* ViewController.m */,
				3C47C2FA1F67DDB6000FFEB0 /* ViewController.storyboard */,
				3C7EF6501F5E50F000B369F0 /* IUCollectionViewCell.h */,
				3C7EF6511F5E50F000B369F0 /* IUCollectionViewCell.m */,
				3C7EF6531F5E53A100B369F0 /* IUViewController.h */,
				3C7EF6541F5E53A100B369F0 /* IUViewController.m */,
				3C7EF6271F5E4D1100B369F0 /* Assets.xcassets */,
				3C7EF6291F5E4D1100B369F0 /* LaunchScreen.storyboard */,
				3C7EF62C1F5E4D1100B369F0 /* Info.plist */,
				3C7EF62D1F5E4D1100B369F0 /* main.m */,
			);
			path = "滤镜demo";
			sourceTree = "<group>";
		};
		3C7EF6361F5E4D1100B369F0 /* 滤镜demoTests */ = {
			isa = PBXGroup;
			children = (
				3C7EF6371F5E4D1100B369F0 /* __demoTests.m */,
				3C7EF6391F5E4D1100B369F0 /* Info.plist */,
			);
			path = "滤镜demoTests";
			sourceTree = "<group>";
		};
		3C7EF6411F5E4D1100B369F0 /* 滤镜demoUITests */ = {
			isa = PBXGroup;
			children = (
				3C7EF6421F5E4D1100B369F0 /* __demoUITests.m */,
				3C7EF6441F5E4D1100B369F0 /* Info.plist */,
			);
			path = "滤镜demoUITests";
			sourceTree = "<group>";
		};
		3C7EF6561F5E68BA00B369F0 /* 单个滤镜 */ = {
			isa = PBXGroup;
			children = (
				3C1068BD1F63F7B300F301AD /* view-model */,
				3C7EF6571F5E68D100B369F0 /* YYBaseViewController.h */,
				3C7EF6581F5E68D100B369F0 /* YYBaseViewController.m */,
				3C7EF65A1F5E69DC00B369F0 /* CIColorMonochromeViewController.h */,
				3C7EF65B1F5E69DC00B369F0 /* CIColorMonochromeViewController.m */,
				3C1068CF1F63F7CE00F301AD /* CIAdditionCompositingViewController.h */,
				3C1068D01F63F7CE00F301AD /* CIAdditionCompositingViewController.m */,
				3C1068DD1F6403F300F301AD /* CIAffineTileViewController.h */,
				3C1068DE1F6403F300F301AD /* CIAffineTileViewController.m */,
				3C1068E01F6404AF00F301AD /* CIBarsSwipeTransitionViewController.h */,
				3C1068E11F6404AF00F301AD /* CIBarsSwipeTransitionViewController.m */,
				3C6119871F66595E006338C6 /* CIBloomViewController.h */,
				3C6119881F66595E006338C6 /* CIBloomViewController.m */,
				3C646BC31F6905D000429B2F /* CIColorCubeViewController.h */,
				3C646BC41F6905D000429B2F /* CIColorCubeViewController.m */,
				3C5771141F74F47400AF7D0D /* CIBumpDistortionViewController.h */,
				3C5771151F74F47400AF7D0D /* CIBumpDistortionViewController.m */,
				3C5771171F750E1F00AF7D0D /* CICheckerboardGeneratorViewController.h */,
				3C5771181F750E1F00AF7D0D /* CICheckerboardGeneratorViewController.m */,
				3C57711A1F75155400AF7D0D /* CICircleSplashDistortionViewController.h */,
				3C57711B1F75155400AF7D0D /* CICircleSplashDistortionViewController.m */,
				3C57711D1F75193500AF7D0D /* CIColorBlendModeViewController.h */,
				3C57711E1F75193500AF7D0D /* CIColorBlendModeViewController.m */,
				3C5771201F7519D100AF7D0D /* CIColorBurnBlendModeViewController.h */,
				3C5771211F7519D100AF7D0D /* CIColorBurnBlendModeViewController.m */,
			);
			path = "单个滤镜";
			sourceTree = "<group>";
		};
		6D2D289299521A8E0586CB6E /* Frameworks */ = {
			isa = PBXGroup;
			children = (
				3C7F724B1F5FCFD500EA751F /* libstdc++.6.0.9.tbd */,
				3C7F72491F5FCFCB00EA751F /* libstdc++.6.tbd */,
				3C7F72471F5FCFC000EA751F /* libstdc++.tbd */,
				3C7F72451F5FCFB500EA751F /* libz.1.2.5.tbd */,
				3C7F72431F5FCDF400EA751F /* Accelerate.framework */,
				3C7F72411F5FCDDA00EA751F /* Photos.framework */,
				0AF130310B5F3051E4718C18 /* libPods-滤镜demo.a */,
			);
			name = Frameworks;
			sourceTree = "<group>";
		};
		C37857F6F1505E5B70767580 /* Pods */ = {
			isa = PBXGroup;
			children = (
				3BA52D21A9B7B0C12BA3E969 /* Pods-滤镜demo.debug.xcconfig */,
				E45F7D5D775B8C34B91EE287 /* Pods-滤镜demo.release.xcconfig */,
			);
			name = Pods;
			sourceTree = "<group>";
		};
/* End PBXGroup section */

/* Begin PBXNativeTarget section */
		3C7EF61A1F5E4D1100B369F0 /* 滤镜demo */ = {
			isa = PBXNativeTarget;
			buildConfigurationList = 3C7EF6471F5E4D1100B369F0 /* Build configuration list for PBXNativeTarget "滤镜demo" */;
			buildPhases = (
				C1EAA423A6AAFEBAF84A6443 /* [CP] Check Pods Manifest.lock */,
				3C7EF6171F5E4D1100B369F0 /* Sources */,
				3C7EF6181F5E4D1100B369F0 /* Frameworks */,
				3C7EF6191F5E4D1100B369F0 /* Resources */,
				BA74D29E52613174FF6E4CAF /* [CP] Embed Pods Frameworks */,
				13B0EB0C6E569EF1DB16C6EB /* [CP] Copy Pods Resources */,
			);
			buildRules = (
			);
			dependencies = (
			);
			name = "滤镜demo";
			productName = "滤镜demo";
			productReference = 3C7EF61B1F5E4D1100B369F0 /* 滤镜demo.app */;
			productType = "com.apple.product-type.application";
		};
		3C7EF6321F5E4D1100B369F0 /* 滤镜demoTests */ = {
			isa = PBXNativeTarget;
			buildConfigurationList = 3C7EF64A1F5E4D1100B369F0 /* Build configuration list for PBXNativeTarget "滤镜demoTests" */;
			buildPhases = (
				3C7EF62F1F5E4D1100B369F0 /* Sources */,
				3C7EF6301F5E4D1100B369F0 /* Frameworks */,
				3C7EF6311F5E4D1100B369F0 /* Resources */,
			);
			buildRules = (
			);
			dependencies = (
				3C7EF6351F5E4D1100B369F0 /* PBXTargetDependency */,
			);
			name = "滤镜demoTests";
			productName = "滤镜demoTests";
			productReference = 3C7EF6331F5E4D1100B369F0 /* 滤镜demoTests.xctest */;
			productType = "com.apple.product-type.bundle.unit-test";
		};
		3C7EF63D1F5E4D1100B369F0 /* 滤镜demoUITests */ = {
			isa = PBXNativeTarget;
			buildConfigurationList = 3C7EF64D1F5E4D1100B369F0 /* Build configuration list for PBXNativeTarget "滤镜demoUITests" */;
			buildPhases = (
				3C7EF63A1F5E4D1100B369F0 /* Sources */,
				3C7EF63B1F5E4D1100B369F0 /* Frameworks */,
				3C7EF63C1F5E4D1100B369F0 /* Resources */,
			);
			buildRules = (
			);
			dependencies = (
				3C7EF6401F5E4D1100B369F0 /* PBXTargetDependency */,
			);
			name = "滤镜demoUITests";
			productName = "滤镜demoUITests";
			productReference = 3C7EF63E1F5E4D1100B369F0 /* 滤镜demoUITests.xctest */;
			productType = "com.apple.product-type.bundle.ui-testing";
		};
/* End PBXNativeTarget section */

/* Begin PBXProject section */
		3C7EF6131F5E4D1100B369F0 /* Project object */ = {
			isa = PBXProject;
			attributes = {
				LastUpgradeCheck = 0900;
				ORGANIZATIONNAME = "董知樾";
				TargetAttributes = {
					3C7EF61A1F5E4D1100B369F0 = {
						CreatedOnToolsVersion = 9.0;
					};
					3C7EF6321F5E4D1100B369F0 = {
						CreatedOnToolsVersion = 9.0;
						TestTargetID = 3C7EF61A1F5E4D1100B369F0;
					};
					3C7EF63D1F5E4D1100B369F0 = {
						CreatedOnToolsVersion = 9.0;
						TestTargetID = 3C7EF61A1F5E4D1100B369F0;
					};
				};
			};
			buildConfigurationList = 3C7EF6161F5E4D1100B369F0 /* Build configuration list for PBXProject "滤镜demo" */;
			compatibilityVersion = "Xcode 8.0";
			developmentRegion = en;
			hasScannedForEncodings = 0;
			knownRegions = (
				en,
				Base,
				En,
				"zh-Hans",
				"zh-Hant",
			);
			mainGroup = 3C7EF6121F5E4D1100B369F0;
			productRefGroup = 3C7EF61C1F5E4D1100B369F0 /* Products */;
			projectDirPath = "";
			projectRoot = "";
			targets = (
				3C7EF61A1F5E4D1100B369F0 /* 滤镜demo */,
				3C7EF6321F5E4D1100B369F0 /* 滤镜demoTests */,
				3C7EF63D1F5E4D1100B369F0 /* 滤镜demoUITests */,
			);
		};
/* End PBXProject section */

/* Begin PBXResourcesBuildPhase section */
		3C7EF6191F5E4D1100B369F0 /* Resources */ = {
			isa = PBXResourcesBuildPhase;
			buildActionMask = 2147483647;
			files = (
				3C1068B21F63F76E00F301AD /* homepage_icon_tools@2x.png in Resources */,
				3C1068AB1F63F76E00F301AD /* homepage_button_normal@3x.png in Resources */,
				3C1068B31F63F76E00F301AD /* homepage_icon_tools@3x.png in Resources */,
				3C7EF62B1F5E4D1100B369F0 /* LaunchScreen.storyboard in Resources */,
				3C1068B01F63F76E00F301AD /* homepage_icon_next@2x.png in Resources */,
				3C1068B11F63F76E00F301AD /* homepage_icon_next@3x.png in Resources */,
				3C1068A81F63F76E00F301AD /* homepage_bg@2x.png in Resources */,
				3C1068CE1F63F7B300F301AD /* YYFilterAttributeTableViewCell.xib in Resources */,
				3C1068B61F63F76E00F301AD /* sample_photo.jpg in Resources */,
				3C1068A61F63F76E00F301AD /* Localizable.strings in Resources */,
				3C1068AD1F63F76E00F301AD /* homepage_icon_beauty@3x.png in Resources */,
				3C1068B81F63F76E00F301AD /* TuSDK.bundle in Resources */,
				3C1068AA1F63F76E00F301AD /* homepage_button_normal@2x.png in Resources */,
				3C1068AC1F63F76E00F301AD /* homepage_icon_beauty@2x.png in Resources */,
				3C7EF6281F5E4D1100B369F0 /* Assets.xcassets in Resources */,
				3C1068B71F63F76E00F301AD /* sample_watermark.png in Resources */,
				3C1068A91F63F76E00F301AD /* homepage_bg@3x.png in Resources */,
				3C1068AF1F63F76E00F301AD /* homepage_icon_camera@3x.png in Resources */,
				3C1068B51F63F76E00F301AD /* sample_gif_editor.gif in Resources */,
				3C1068AE1F63F76E00F301AD /* homepage_icon_camera@2x.png in Resources */,
				3C47C2FB1F67DDB7000FFEB0 /* ViewController.storyboard in Resources */,
			);
			runOnlyForDeploymentPostprocessing = 0;
		};
		3C7EF6311F5E4D1100B369F0 /* Resources */ = {
			isa = PBXResourcesBuildPhase;
			buildActionMask = 2147483647;
			files = (
			);
			runOnlyForDeploymentPostprocessing = 0;
		};
		3C7EF63C1F5E4D1100B369F0 /* Resources */ = {
			isa = PBXResourcesBuildPhase;
			buildActionMask = 2147483647;
			files = (
			);
			runOnlyForDeploymentPostprocessing = 0;
		};
/* End PBXResourcesBuildPhase section */

/* Begin PBXShellScriptBuildPhase section */
		13B0EB0C6E569EF1DB16C6EB /* [CP] Copy Pods Resources */ = {
			isa = PBXShellScriptBuildPhase;
			buildActionMask = 2147483647;
			files = (
			);
			inputPaths = (
			);
			name = "[CP] Copy Pods Resources";
			outputPaths = (
			);
			runOnlyForDeploymentPostprocessing = 0;
			shellPath = /bin/sh;
			shellScript = "\"${SRCROOT}/Pods/Target Support Files/Pods-滤镜demo/Pods-滤镜demo-resources.sh\"\n";
			showEnvVarsInLog = 0;
		};
		BA74D29E52613174FF6E4CAF /* [CP] Embed Pods Frameworks */ = {
			isa = PBXShellScriptBuildPhase;
			buildActionMask = 2147483647;
			files = (
			);
			inputPaths = (
			);
			name = "[CP] Embed Pods Frameworks";
			outputPaths = (
			);
			runOnlyForDeploymentPostprocessing = 0;
			shellPath = /bin/sh;
			shellScript = "\"${SRCROOT}/Pods/Target Support Files/Pods-滤镜demo/Pods-滤镜demo-frameworks.sh\"\n";
			showEnvVarsInLog = 0;
		};
		C1EAA423A6AAFEBAF84A6443 /* [CP] Check Pods Manifest.lock */ = {
			isa = PBXShellScriptBuildPhase;
			buildActionMask = 2147483647;
			files = (
			);
			inputPaths = (
			);
			name = "[CP] Check Pods Manifest.lock";
			outputPaths = (
			);
			runOnlyForDeploymentPostprocessing = 0;
			shellPath = /bin/sh;
			shellScript = "diff \"${PODS_PODFILE_DIR_PATH}/Podfile.lock\" \"${PODS_ROOT}/Manifest.lock\" > /dev/null\nif [ $? != 0 ] ; then\n    # print error to STDERR\n    echo \"error: The sandbox is not in sync with the Podfile.lock. Run 'pod install' or update your CocoaPods installation.\" >&2\n    exit 1\nfi\n";
			showEnvVarsInLog = 0;
		};
/* End PBXShellScriptBuildPhase section */

/* Begin PBXSourcesBuildPhase section */
		3C7EF6171F5E4D1100B369F0 /* Sources */ = {
			isa = PBXSourcesBuildPhase;
			buildActionMask = 2147483647;
			files = (
				3C1068BA1F63F76E00F301AD /* GeeV2Sample.m in Sources */,
				3C7EF6231F5E4D1100B369F0 /* ViewController.m in Sources */,
				3C1068CC1F63F7B300F301AD /* YYFilterAttributeModel.m in Sources */,
				3C1068B91F63F76E00F301AD /* FPCameraBase.m in Sources */,
				3C1068CD1F63F7B300F301AD /* YYFilterAttributeTableViewCell.m in Sources */,
				3C1068CB1F63F7B300F301AD /* GPUImageBeautifyFilter.m in Sources */,
				3C5771221F7519D100AF7D0D /* CIColorBurnBlendModeViewController.m in Sources */,
				3C1068BB1F63F76E00F301AD /* SampleBase.m in Sources */,
				3C1068D11F63F7CE00F301AD /* CIAdditionCompositingViewController.m in Sources */,
				3C6119891F66595E006338C6 /* CIBloomViewController.m in Sources */,
				3C1068E41F64078A00F301AD /* ZXPUnicode.m in Sources */,
				3C57711C1F75155400AF7D0D /* CICircleSplashDistortionViewController.m in Sources */,
				3C7EF62E1F5E4D1100B369F0 /* main.m in Sources */,
				3C47C2F81F67D37D000FFEB0 /* YYCameraView.m in Sources */,
				3C1068CA1F63F7B300F301AD /* FPImageFilter.m in Sources */,
				3C646BC51F6905D000429B2F /* CIColorCubeViewController.m in Sources */,
				3C7EF65C1F5E69DC00B369F0 /* CIColorMonochromeViewController.m in Sources */,
				3C57711F1F75193500AF7D0D /* CIColorBlendModeViewController.m in Sources */,
				3C7EF6521F5E50F000B369F0 /* IUCollectionViewCell.m in Sources */,
				3C1068BC1F63F76E00F301AD /* TuSDKViewController.m in Sources */,
				3C7EF6551F5E53A100B369F0 /* IUViewController.m in Sources */,
				3C5771161F74F47400AF7D0D /* CIBumpDistortionViewController.m in Sources */,
				3C1068E21F6404AF00F301AD /* CIBarsSwipeTransitionViewController.m in Sources */,
				3C5771191F750E1F00AF7D0D /* CICheckerboardGeneratorViewController.m in Sources */,
				3C7EF6201F5E4D1100B369F0 /* AppDelegate.m in Sources */,
				3C1068DF1F6403F300F301AD /* CIAffineTileViewController.m in Sources */,
				3C7EF6591F5E68D100B369F0 /* YYBaseViewController.m in Sources */,
				3C1068C91F63F7B300F301AD /* FPCameraView.m in Sources */,
			);
			runOnlyForDeploymentPostprocessing = 0;
		};
		3C7EF62F1F5E4D1100B369F0 /* Sources */ = {
			isa = PBXSourcesBuildPhase;
			buildActionMask = 2147483647;
			files = (
				3C7EF6381F5E4D1100B369F0 /* __demoTests.m in Sources */,
			);
			runOnlyForDeploymentPostprocessing = 0;
		};
		3C7EF63A1F5E4D1100B369F0 /* Sources */ = {
			isa = PBXSourcesBuildPhase;
			buildActionMask = 2147483647;
			files = (
				3C7EF6431F5E4D1100B369F0 /* __demoUITests.m in Sources */,
			);
			runOnlyForDeploymentPostprocessing = 0;
		};
/* End PBXSourcesBuildPhase section */

/* Begin PBXTargetDependency section */
		3C7EF6351F5E4D1100B369F0 /* PBXTargetDependency */ = {
			isa = PBXTargetDependency;
			target = 3C7EF61A1F5E4D1100B369F0 /* 滤镜demo */;
			targetProxy = 3C7EF6341F5E4D1100B369F0 /* PBXContainerItemProxy */;
		};
		3C7EF6401F5E4D1100B369F0 /* PBXTargetDependency */ = {
			isa = PBXTargetDependency;
			target = 3C7EF61A1F5E4D1100B369F0 /* 滤镜demo */;
			targetProxy = 3C7EF63F1F5E4D1100B369F0 /* PBXContainerItemProxy */;
		};
/* End PBXTargetDependency section */

/* Begin PBXVariantGroup section */
		3C1068851F63F76D00F301AD /* Localizable.strings */ = {
			isa = PBXVariantGroup;
			children = (
				3C1068861F63F76D00F301AD /* Base */,
				3C1068881F63F76D00F301AD /* En */,
				3C10689B1F63F76E00F301AD /* zh-Hans */,
				3C10689C1F63F76E00F301AD /* zh-Hant */,
			);
			name = Localizable.strings;
			sourceTree = "<group>";
		};
		3C7EF6291F5E4D1100B369F0 /* LaunchScreen.storyboard */ = {
			isa = PBXVariantGroup;
			children = (
				3C7EF62A1F5E4D1100B369F0 /* Base */,
			);
			name = LaunchScreen.storyboard;
			sourceTree = "<group>";
		};
/* End PBXVariantGroup section */

/* Begin XCBuildConfiguration section */
		3C7EF6451F5E4D1100B369F0 /* Debug */ = {
			isa = XCBuildConfiguration;
			buildSettings = {
				ALWAYS_SEARCH_USER_PATHS = NO;
				CLANG_ANALYZER_NONNULL = YES;
				CLANG_ANALYZER_NUMBER_OBJECT_CONVERSION = YES_AGGRESSIVE;
				CLANG_CXX_LANGUAGE_STANDARD = "gnu++14";
				CLANG_CXX_LIBRARY = "libc++";
				CLANG_ENABLE_MODULES = YES;
				CLANG_ENABLE_OBJC_ARC = YES;
				CLANG_WARN_BLOCK_CAPTURE_AUTORELEASING = YES;
				CLANG_WARN_BOOL_CONVERSION = YES;
				CLANG_WARN_COMMA = YES;
				CLANG_WARN_CONSTANT_CONVERSION = YES;
				CLANG_WARN_DIRECT_OBJC_ISA_USAGE = YES_ERROR;
				CLANG_WARN_DOCUMENTATION_COMMENTS = YES;
				CLANG_WARN_EMPTY_BODY = YES;
				CLANG_WARN_ENUM_CONVERSION = YES;
				CLANG_WARN_INFINITE_RECURSION = YES;
				CLANG_WARN_INT_CONVERSION = YES;
				CLANG_WARN_NON_LITERAL_NULL_CONVERSION = YES;
				CLANG_WARN_OBJC_LITERAL_CONVERSION = YES;
				CLANG_WARN_OBJC_ROOT_CLASS = YES_ERROR;
				CLANG_WARN_RANGE_LOOP_ANALYSIS = YES;
				CLANG_WARN_STRICT_PROTOTYPES = YES;
				CLANG_WARN_SUSPICIOUS_MOVE = YES;
				CLANG_WARN_UNGUARDED_AVAILABILITY = YES_AGGRESSIVE;
				CLANG_WARN_UNREACHABLE_CODE = YES;
				CLANG_WARN__DUPLICATE_METHOD_MATCH = YES;
				CODE_SIGN_IDENTITY = "iPhone Developer";
				COPY_PHASE_STRIP = NO;
				DEBUG_INFORMATION_FORMAT = dwarf;
				ENABLE_STRICT_OBJC_MSGSEND = YES;
				ENABLE_TESTABILITY = YES;
				GCC_C_LANGUAGE_STANDARD = gnu11;
				GCC_DYNAMIC_NO_PIC = NO;
				GCC_NO_COMMON_BLOCKS = YES;
				GCC_OPTIMIZATION_LEVEL = 0;
				GCC_PREPROCESSOR_DEFINITIONS = (
					"DEBUG=1",
					"$(inherited)",
				);
				GCC_WARN_64_TO_32_BIT_CONVERSION = YES;
				GCC_WARN_ABOUT_RETURN_TYPE = YES_ERROR;
				GCC_WARN_UNDECLARED_SELECTOR = YES;
				GCC_WARN_UNINITIALIZED_AUTOS = YES_AGGRESSIVE;
				GCC_WARN_UNUSED_FUNCTION = YES;
				GCC_WARN_UNUSED_VARIABLE = YES;
				IPHONEOS_DEPLOYMENT_TARGET = 11.0;
				MTL_ENABLE_DEBUG_INFO = YES;
				ONLY_ACTIVE_ARCH = YES;
				SDKROOT = iphoneos;
			};
			name = Debug;
		};
		3C7EF6461F5E4D1100B369F0 /* Release */ = {
			isa = XCBuildConfiguration;
			buildSettings = {
				ALWAYS_SEARCH_USER_PATHS = NO;
				CLANG_ANALYZER_NONNULL = YES;
				CLANG_ANALYZER_NUMBER_OBJECT_CONVERSION = YES_AGGRESSIVE;
				CLANG_CXX_LANGUAGE_STANDARD = "gnu++14";
				CLANG_CXX_LIBRARY = "libc++";
				CLANG_ENABLE_MODULES = YES;
				CLANG_ENABLE_OBJC_ARC = YES;
				CLANG_WARN_BLOCK_CAPTURE_AUTORELEASING = YES;
				CLANG_WARN_BOOL_CONVERSION = YES;
				CLANG_WARN_COMMA = YES;
				CLANG_WARN_CONSTANT_CONVERSION = YES;
				CLANG_WARN_DIRECT_OBJC_ISA_USAGE = YES_ERROR;
				CLANG_WARN_DOCUMENTATION_COMMENTS = YES;
				CLANG_WARN_EMPTY_BODY = YES;
				CLANG_WARN_ENUM_CONVERSION = YES;
				CLANG_WARN_INFINITE_RECURSION = YES;
				CLANG_WARN_INT_CONVERSION = YES;
				CLANG_WARN_NON_LITERAL_NULL_CONVERSION = YES;
				CLANG_WARN_OBJC_LITERAL_CONVERSION = YES;
				CLANG_WARN_OBJC_ROOT_CLASS = YES_ERROR;
				CLANG_WARN_RANGE_LOOP_ANALYSIS = YES;
				CLANG_WARN_STRICT_PROTOTYPES = YES;
				CLANG_WARN_SUSPICIOUS_MOVE = YES;
				CLANG_WARN_UNGUARDED_AVAILABILITY = YES_AGGRESSIVE;
				CLANG_WARN_UNREACHABLE_CODE = YES;
				CLANG_WARN__DUPLICATE_METHOD_MATCH = YES;
				CODE_SIGN_IDENTITY = "iPhone Developer";
				COPY_PHASE_STRIP = NO;
				DEBUG_INFORMATION_FORMAT = "dwarf-with-dsym";
				ENABLE_NS_ASSERTIONS = NO;
				ENABLE_STRICT_OBJC_MSGSEND = YES;
				GCC_C_LANGUAGE_STANDARD = gnu11;
				GCC_NO_COMMON_BLOCKS = YES;
				GCC_WARN_64_TO_32_BIT_CONVERSION = YES;
				GCC_WARN_ABOUT_RETURN_TYPE = YES_ERROR;
				GCC_WARN_UNDECLARED_SELECTOR = YES;
				GCC_WARN_UNINITIALIZED_AUTOS = YES_AGGRESSIVE;
				GCC_WARN_UNUSED_FUNCTION = YES;
				GCC_WARN_UNUSED_VARIABLE = YES;
				IPHONEOS_DEPLOYMENT_TARGET = 11.0;
				MTL_ENABLE_DEBUG_INFO = NO;
				SDKROOT = iphoneos;
				VALIDATE_PRODUCT = YES;
			};
			name = Release;
		};
		3C7EF6481F5E4D1100B369F0 /* Debug */ = {
			isa = XCBuildConfiguration;
			baseConfigurationReference = 3BA52D21A9B7B0C12BA3E969 /* Pods-滤镜demo.debug.xcconfig */;
			buildSettings = {
				ASSETCATALOG_COMPILER_APPICON_NAME = AppIcon;
				DEVELOPMENT_TEAM = G8855GBF39;
				FRAMEWORK_SEARCH_PATHS = (
					"$(inherited)",
					"$(PROJECT_DIR)/滤镜demo/Resources",
				);
				INFOPLIST_FILE = "滤镜demo/Info.plist";
				IPHONEOS_DEPLOYMENT_TARGET = 10.0;
				LD_RUNPATH_SEARCH_PATHS = "$(inherited) @executable_path/Frameworks";
				PRODUCT_BUNDLE_IDENTIFIER = com.filterDemo.yue;
				PRODUCT_NAME = "$(TARGET_NAME)";
				TARGETED_DEVICE_FAMILY = 1;
			};
			name = Debug;
		};
		3C7EF6491F5E4D1100B369F0 /* Release */ = {
			isa = XCBuildConfiguration;
			baseConfigurationReference = E45F7D5D775B8C34B91EE287 /* Pods-滤镜demo.release.xcconfig */;
			buildSettings = {
				ASSETCATALOG_COMPILER_APPICON_NAME = AppIcon;
				DEVELOPMENT_TEAM = G8855GBF39;
				FRAMEWORK_SEARCH_PATHS = (
					"$(inherited)",
					"$(PROJECT_DIR)/滤镜demo/Resources",
				);
				INFOPLIST_FILE = "滤镜demo/Info.plist";
				IPHONEOS_DEPLOYMENT_TARGET = 10.0;
				LD_RUNPATH_SEARCH_PATHS = "$(inherited) @executable_path/Frameworks";
				PRODUCT_BUNDLE_IDENTIFIER = com.filterDemo.yue;
				PRODUCT_NAME = "$(TARGET_NAME)";
				TARGETED_DEVICE_FAMILY = 1;
			};
			name = Release;
		};
		3C7EF64B1F5E4D1100B369F0 /* Debug */ = {
			isa = XCBuildConfiguration;
			buildSettings = {
				BUNDLE_LOADER = "$(TEST_HOST)";
				DEVELOPMENT_TEAM = H874NRF4RE;
				INFOPLIST_FILE = "滤镜demoTests/Info.plist";
				LD_RUNPATH_SEARCH_PATHS = "$(inherited) @executable_path/Frameworks @loader_path/Frameworks";
				PRODUCT_BUNDLE_IDENTIFIER = "com.yue.--demoTests";
				PRODUCT_NAME = "$(TARGET_NAME)";
				TARGETED_DEVICE_FAMILY = "1,2";
				TEST_HOST = "$(BUILT_PRODUCTS_DIR)/滤镜demo.app/滤镜demo";
			};
			name = Debug;
		};
		3C7EF64C1F5E4D1100B369F0 /* Release */ = {
			isa = XCBuildConfiguration;
			buildSettings = {
				BUNDLE_LOADER = "$(TEST_HOST)";
				DEVELOPMENT_TEAM = H874NRF4RE;
				INFOPLIST_FILE = "滤镜demoTests/Info.plist";
				LD_RUNPATH_SEARCH_PATHS = "$(inherited) @executable_path/Frameworks @loader_path/Frameworks";
				PRODUCT_BUNDLE_IDENTIFIER = "com.yue.--demoTests";
				PRODUCT_NAME = "$(TARGET_NAME)";
				TARGETED_DEVICE_FAMILY = "1,2";
				TEST_HOST = "$(BUILT_PRODUCTS_DIR)/滤镜demo.app/滤镜demo";
			};
			name = Release;
		};
		3C7EF64E1F5E4D1100B369F0 /* Debug */ = {
			isa = XCBuildConfiguration;
			buildSettings = {
				DEVELOPMENT_TEAM = H874NRF4RE;
				INFOPLIST_FILE = "滤镜demoUITests/Info.plist";
				LD_RUNPATH_SEARCH_PATHS = "$(inherited) @executable_path/Frameworks @loader_path/Frameworks";
				PRODUCT_BUNDLE_IDENTIFIER = "com.yue.--demoUITests";
				PRODUCT_NAME = "$(TARGET_NAME)";
				TARGETED_DEVICE_FAMILY = "1,2";
				TEST_TARGET_NAME = "滤镜demo";
			};
			name = Debug;
		};
		3C7EF64F1F5E4D1100B369F0 /* Release */ = {
			isa = XCBuildConfiguration;
			buildSettings = {
				DEVELOPMENT_TEAM = H874NRF4RE;
				INFOPLIST_FILE = "滤镜demoUITests/Info.plist";
				LD_RUNPATH_SEARCH_PATHS = "$(inherited) @executable_path/Frameworks @loader_path/Frameworks";
				PRODUCT_BUNDLE_IDENTIFIER = "com.yue.--demoUITests";
				PRODUCT_NAME = "$(TARGET_NAME)";
				TARGETED_DEVICE_FAMILY = "1,2";
				TEST_TARGET_NAME = "滤镜demo";
			};
			name = Release;
		};
/* End XCBuildConfiguration section */

/* Begin XCConfigurationList section */
		3C7EF6161F5E4D1100B369F0 /* Build configuration list for PBXProject "滤镜demo" */ = {
			isa = XCConfigurationList;
			buildConfigurations = (
				3C7EF6451F5E4D1100B369F0 /* Debug */,
				3C7EF6461F5E4D1100B369F0 /* Release */,
			);
			defaultConfigurationIsVisible = 0;
			defaultConfigurationName = Release;
		};
		3C7EF6471F5E4D1100B369F0 /* Build configuration list for PBXNativeTarget "滤镜demo" */ = {
			isa = XCConfigurationList;
			buildConfigurations = (
				3C7EF6481F5E4D1100B369F0 /* Debug */,
				3C7EF6491F5E4D1100B369F0 /* Release */,
			);
			defaultConfigurationIsVisible = 0;
			defaultConfigurationName = Release;
		};
		3C7EF64A1F5E4D1100B369F0 /* Build configuration list for PBXNativeTarget "滤镜demoTests" */ = {
			isa = XCConfigurationList;
			buildConfigurations = (
				3C7EF64B1F5E4D1100B369F0 /* Debug */,
				3C7EF64C1F5E4D1100B369F0 /* Release */,
			);
			defaultConfigurationIsVisible = 0;
			defaultConfigurationName = Release;
		};
		3C7EF64D1F5E4D1100B369F0 /* Build configuration list for PBXNativeTarget "滤镜demoUITests" */ = {
			isa = XCConfigurationList;
			buildConfigurations = (
				3C7EF64E1F5E4D1100B369F0 /* Debug */,
				3C7EF64F1F5E4D1100B369F0 /* Release */,
			);
			defaultConfigurationIsVisible = 0;
			defaultConfigurationName = Release;
		};
/* End XCConfigurationList section */
	};
	rootObject = 3C7EF6131F5E4D1100B369F0 /* Project object */;
}
